version = 1
revision = 3
requires-python = "==3.12.*"

[[package]]
name = "asgiref"
version = "3.11.0"
source = { registry = "https://pypi.org/simple" }
sdist = { url = "https://files.pythonhosted.org/packages/76/b9/4db2509eabd14b4a8c71d1b24c8d5734c52b8560a7b1e1a8b56c8d25568b/asgiref-3.11.0.tar.gz", hash = "sha256:13acff32519542a1736223fb79a715acdebe24286d98e8b164a73085f40da2c4", size = 37969, upload-time = "2025-11-19T15:32:20.106Z" }
wheels = [
    { url = "https://files.pythonhosted.org/packages/91/be/317c2c55b8bbec407257d45f5c8d1b6867abc76d12043f2d3d58c538a4ea/asgiref-3.11.0-py3-none-any.whl", hash = "sha256:1db9021efadb0d9512ce8ffaf72fcef601c7b73a8807a1bb2ef143dc6b14846d", size = 24096, upload-time = "2025-11-19T15:32:19.004Z" },
]

[[package]]
name = "asn1crypto"
version = "1.5.1"
source = { registry = "https://pypi.org/simple" }
sdist = { url = "https://files.pythonhosted.org/packages/de/cf/d547feed25b5244fcb9392e288ff9fdc3280b10260362fc45d37a798a6ee/asn1crypto-1.5.1.tar.gz", hash = "sha256:13ae38502be632115abf8a24cbe5f4da52e3b5231990aff31123c805306ccb9c", size = 121080, upload-time = "2022-03-15T14:46:52.889Z" }
wheels = [
    { url = "https://files.pythonhosted.org/packages/c9/7f/09065fd9e27da0eda08b4d6897f1c13535066174cc023af248fc2a8d5e5a/asn1crypto-1.5.1-py2.py3-none-any.whl", hash = "sha256:db4e40728b728508912cbb3d44f19ce188f218e9eba635821bb4b68564f8fd67", size = 105045, upload-time = "2022-03-15T14:46:51.055Z" },
]

[[package]]
name = "brotli"
version = "1.2.0"
source = { registry = "https://pypi.org/simple" }
sdist = { url = "https://files.pythonhosted.org/packages/f7/16/c92ca344d646e71a43b8bb353f0a6490d7f6e06210f8554c8f874e454285/brotli-1.2.0.tar.gz", hash = "sha256:e310f77e41941c13340a95976fe66a8a95b01e783d430eeaf7a2f87e0a57dd0a", size = 7388632, upload-time = "2025-11-05T18:39:42.86Z" }
wheels = [
    { url = "https://files.pythonhosted.org/packages/11/ee/b0a11ab2315c69bb9b45a2aaed022499c9c24a205c3a49c3513b541a7967/brotli-1.2.0-cp312-cp312-macosx_10_13_universal2.whl", hash = "sha256:35d382625778834a7f3061b15423919aa03e4f5da34ac8e02c074e4b75ab4f84", size = 861543, upload-time = "2025-11-05T18:38:24.183Z" },
    { url = "https://files.pythonhosted.org/packages/e1/2f/29c1459513cd35828e25531ebfcbf3e92a5e49f560b1777a9af7203eb46e/brotli-1.2.0-cp312-cp312-macosx_10_13_x86_64.whl", hash = "sha256:7a61c06b334bd99bc5ae84f1eeb36bfe01400264b3c352f968c6e30a10f9d08b", size = 444288, upload-time = "2025-11-05T18:38:25.139Z" },
    { url = "https://files.pythonhosted.org/packages/3d/6f/feba03130d5fceadfa3a1bb102cb14650798c848b1df2a808356f939bb16/brotli-1.2.0-cp312-cp312-manylinux2014_aarch64.manylinux_2_17_aarch64.manylinux_2_28_aarch64.whl", hash = "sha256:acec55bb7c90f1dfc476126f9711a8e81c9af7fb617409a9ee2953115343f08d", size = 1528071, upload-time = "2025-11-05T18:38:26.081Z" },
    { url = "https://files.pythonhosted.org/packages/2b/38/f3abb554eee089bd15471057ba85f47e53a44a462cfce265d9bf7088eb09/brotli-1.2.0-cp312-cp312-manylinux2014_ppc64le.manylinux_2_17_ppc64le.manylinux_2_28_ppc64le.whl", hash = "sha256:260d3692396e1895c5034f204f0db022c056f9e2ac841593a4cf9426e2a3faca", size = 1626913, upload-time = "2025-11-05T18:38:27.284Z" },
    { url = "https://files.pythonhosted.org/packages/03/a7/03aa61fbc3c5cbf99b44d158665f9b0dd3d8059be16c460208d9e385c837/brotli-1.2.0-cp312-cp312-manylinux2014_x86_64.manylinux_2_17_x86_64.whl", hash = "sha256:072e7624b1fc4d601036ab3f4f27942ef772887e876beff0301d261210bca97f", size = 1419762, upload-time = "2025-11-05T18:38:28.295Z" },
    { url = "https://files.pythonhosted.org/packages/21/1b/0374a89ee27d152a5069c356c96b93afd1b94eae83f1e004b57eb6ce2f10/brotli-1.2.0-cp312-cp312-musllinux_1_2_aarch64.whl", hash = "sha256:adedc4a67e15327dfdd04884873c6d5a01d3e3b6f61406f99b1ed4865a2f6d28", size = 1484494, upload-time = "2025-11-05T18:38:29.29Z" },
    { url = "https://files.pythonhosted.org/packages/cf/57/69d4fe84a67aef4f524dcd075c6eee868d7850e85bf01d778a857d8dbe0a/brotli-1.2.0-cp312-cp312-musllinux_1_2_ppc64le.whl", hash = "sha256:7a47ce5c2288702e09dc22a44d0ee6152f2c7eda97b3c8482d826a1f3cfc7da7", size = 1593302, upload-time = "2025-11-05T18:38:30.639Z" },
    { url = "https://files.pythonhosted.org/packages/d5/3b/39e13ce78a8e9a621c5df3aeb5fd181fcc8caba8c48a194cd629771f6828/brotli-1.2.0-cp312-cp312-musllinux_1_2_x86_64.whl", hash = "sha256:af43b8711a8264bb4e7d6d9a6d004c3a2019c04c01127a868709ec29962b6036", size = 1487913, upload-time = "2025-11-05T18:38:31.618Z" },
    { url = "https://files.pythonhosted.org/packages/62/28/4d00cb9bd76a6357a66fcd54b4b6d70288385584063f4b07884c1e7286ac/brotli-1.2.0-cp312-cp312-win32.whl", hash = "sha256:e99befa0b48f3cd293dafeacdd0d191804d105d279e0b387a32054c1180f3161", size = 334362, upload-time = "2025-11-05T18:38:32.939Z" },
    { url = "https://files.pythonhosted.org/packages/1c/4e/bc1dcac9498859d5e353c9b153627a3752868a9d5f05ce8dedd81a2354ab/brotli-1.2.0-cp312-cp312-win_amd64.whl", hash = "sha256:b35c13ce241abdd44cb8ca70683f20c0c079728a36a996297adb5334adfc1c44", size = 369115, upload-time = "2025-11-05T18:38:33.765Z" },
]

[[package]]
name = "certifi"
version = "2026.1.4"
source = { registry = "https://pypi.org/simple" }
sdist = { url = "https://files.pythonhosted.org/packages/e0/2d/a891ca51311197f6ad14a7ef42e2399f36cf2f9bd44752b3dc4eab60fdc5/certifi-2026.1.4.tar.gz", hash = "sha256:ac726dd470482006e014ad384921ed6438c457018f4b3d204aea4281258b2120", size = 154268, upload-time = "2026-01-04T02:42:41.825Z" }
wheels = [
    { url = "https://files.pythonhosted.org/packages/e6/ad/3cc14f097111b4de0040c83a525973216457bbeeb63739ef1ed275c1c021/certifi-2026.1.4-py3-none-any.whl", hash = "sha256:9943707519e4add1115f44c2bc244f782c0249876bf51b6599fee1ffbedd685c", size = 152900, upload-time = "2026-01-04T02:42:40.15Z" },
]

[[package]]
name = "charset-normalizer"
version = "3.4.7"
source = { registry = "https://pypi.org/simple" }
sdist = { url = "https://files.pythonhosted.org/packages/e7/a1/67fe25fac3c7642725500a3f6cfe5821ad557c3abb11c9d20d12c7008d3e/charset_normalizer-3.4.7.tar.gz", hash = "sha256:ae89db9e5f98a11a4bf50407d4363e7b09b31e55bc117b4f7d80aab97ba009e5", size = 144271, upload-time = "2026-04-02T09:28:39.342Z" }
wheels = [
    { url = "https://files.pythonhosted.org/packages/0c/eb/4fc8d0a7110eb5fc9cc161723a34a8a6c200ce3b4fbf681bc86feee22308/charset_normalizer-3.4.7-cp312-cp312-macosx_10_13_universal2.whl", hash = "sha256:eca9705049ad3c7345d574e3510665cb2cf844c2f2dcfe675332677f081cbd46", size = 311328, upload-time = "2026-04-02T09:26:24.331Z" },
    { url = "https://files.pythonhosted.org/packages/f8/e3/0fadc706008ac9d7b9b5be6dc767c05f9d3e5df51744ce4cc9605de7b9f4/charset_normalizer-3.4.7-cp312-cp312-manylinux2014_aarch64.manylinux_2_17_aarch64.manylinux_2_28_aarch64.whl", hash = "sha256:6178f72c5508bfc5fd446a5905e698c6212932f25bcdd4b47a757a50605a90e2", size = 208061, upload-time = "2026-04-02T09:26:25.568Z" },
    { url = "https://files.pythonhosted.org/packages/42/f0/3dd1045c47f4a4604df85ec18ad093912ae1344ac706993aff91d38773a2/charset_normalizer-3.4.7-cp312-cp312-manylinux2014_ppc64le.manylinux_2_17_ppc64le.manylinux_2_28_ppc64le.whl", hash = "sha256:e1421b502d83040e6d7fb2fb18dff63957f720da3d77b2fbd3187ceb63755d7b", size = 229031, upload-time = "2026-04-02T09:26:26.865Z" },
    { url = "https://files.pythonhosted.org/packages/dc/67/675a46eb016118a2fbde5a277a5d15f4f69d5f3f5f338e5ee2f8948fcf43/charset_normalizer-3.4.7-cp312-cp312-manylinux2014_s390x.manylinux_2_17_s390x.manylinux_2_28_s390x.whl", hash = "sha256:edac0f1ab77644605be2cbba52e6b7f630731fc42b34cb0f634be1a6eface56a", size = 225239, upload-time = "2026-04-02T09:26:28.044Z" },
    { url = "https://files.pythonhosted.org/packages/4b/f8/d0118a2f5f23b02cd166fa385c60f9b0d4f9194f574e2b31cef350ad7223/charset_normalizer-3.4.7-cp312-cp312-manylinux2014_x86_64.manylinux_2_17_x86_64.manylinux_2_28_x86_64.whl", hash = "sha256:5649fd1c7bade02f320a462fdefd0b4bd3ce036065836d4f42e0de958038e116", size = 216589, upload-time = "2026-04-02T09:26:29.239Z" },
    { url = "https://files.pythonhosted.org/packages/b1/f1/6d2b0b261b6c4ceef0fcb0d17a01cc5bc53586c2d4796fa04b5c540bc13d/charset_normalizer-3.4.7-cp312-cp312-manylinux_2_31_armv7l.whl", hash = "sha256:203104ed3e428044fd943bc4bf45fa73c0730391f9621e37fe39ecf477b128cb", size = 202733, upload-time = "2026-04-02T09:26:30.5Z" },
    { url = "https://files.pythonhosted.org/packages/6f/c0/7b1f943f7e87cc3db9626ba17807d042c38645f0a1d4415c7a14afb5591f/charset_normalizer-3.4.7-cp312-cp312-manylinux_2_31_riscv64.manylinux_2_39_riscv64.whl", hash = "sha256:298930cec56029e05497a76988377cbd7457ba864beeea92ad7e844fe74cd1f1", size = 212652, upload-time = "2026-04-02T09:26:31.709Z" },
    { url = "https://files.pythonhosted.org/packages/38/dd/5a9ab159fe45c6e72079398f277b7d2b523e7f716acc489726115a910097/charset_normalizer-3.4.7-cp312-cp312-musllinux_1_2_aarch64.whl", hash = "sha256:708838739abf24b2ceb208d0e22403dd018faeef86ddac04319a62ae884c4f15", size = 211229, upload-time = "2026-04-02T09:26:33.282Z" },
    { url = "https://files.pythonhosted.org/packages/d5/ff/531a1cad5ca855d1c1a8b69cb71abfd6d85c0291580146fda7c82857caa1/charset_normalizer-3.4.7-cp312-cp312-musllinux_1_2_armv7l.whl", hash = "sha256:0f7eb884681e3938906ed0434f20c63046eacd0111c4ba96f27b76084cd679f5", size = 203552, upload-time = "2026-04-02T09:26:34.845Z" },
    { url = "https://files.pythonhosted.org/packages/c1/4c/a5fb52d528a8ca41f7598cb619409ece30a169fbdf9cdce592e53b46c3a6/charset_normalizer-3.4.7-cp312-cp312-musllinux_1_2_ppc64le.whl", hash = "sha256:4dc1e73c36828f982bfe79fadf5919923f8a6f4df2860804db9a98c48824ce8d", size = 230806, upload-time = "2026-04-02T09:26:36.152Z" },
    { url = "https://files.pythonhosted.org/packages/59/7a/071feed8124111a32b316b33ae4de83d36923039ef8cf48120266844285b/charset_normalizer-3.4.7-cp312-cp312-musllinux_1_2_riscv64.whl", hash = "sha256:aed52fea0513bac0ccde438c188c8a471c4e0f457c2dd20cdbf6ea7a450046c7", size = 212316, upload-time = "2026-04-02T09:26:37.672Z" },
    { url = "https://files.pythonhosted.org/packages/fd/35/f7dba3994312d7ba508e041eaac39a36b120f32d4c8662b8814dab876431/charset_normalizer-3.4.7-cp312-cp312-musllinux_1_2_s390x.whl", hash = "sha256:fea24543955a6a729c45a73fe90e08c743f0b3334bbf3201e6c4bc1b0c7fa464", size = 227274, upload-time = "2026-04-02T09:26:38.93Z" },
    { url = "https://files.pythonhosted.org/packages/8a/2d/a572df5c9204ab7688ec1edc895a73ebded3b023bb07364710b05dd1c9be/charset_normalizer-3.4.7-cp312-cp312-musllinux_1_2_x86_64.whl", hash = "sha256:bb6d88045545b26da47aa879dd4a89a71d1dce0f0e549b1abcb31dfe4a8eac49", size = 218468, upload-time = "2026-04-02T09:26:40.17Z" },
    { url = "https://files.pythonhosted.org/packages/86/eb/890922a8b03a568ca2f336c36585a4713c55d4d67bf0f0c78924be6315ca/charset_normalizer-3.4.7-cp312-cp312-win32.whl", hash = "sha256:2257141f39fe65a3fdf38aeccae4b953e5f3b3324f4ff0daf9f15b8518666a2c", size = 148460, upload-time = "2026-04-02T09:26:41.416Z" },
    { url = "https://files.pythonhosted.org/packages/35/d9/0e7dffa06c5ab081f75b1b786f0aefc88365825dfcd0ac544bdb7b2b6853/charset_normalizer-3.4.7-cp312-cp312-win_amd64.whl", hash = "sha256:5ed6ab538499c8644b8a3e18debabcd7ce684f3fa91cf867521a7a0279cab2d6", size = 159330, upload-time = "2026-04-02T09:26:42.554Z" },
    { url = "https://files.pythonhosted.org/packages/9e/5d/481bcc2a7c88ea6b0878c299547843b2521ccbc40980cb406267088bc701/charset_normalizer-3.4.7-cp312-cp312-win_arm64.whl", hash = "sha256:56be790f86bfb2c98fb742ce566dfb4816e5a83384616ab59c49e0604d49c51d", size = 147828, upload-time = "2026-04-02T09:26:44.075Z" },
    { url = "https://files.pythonhosted.org/packages/db/8f/61959034484a4a7c527811f4721e75d02d653a35afb0b6054474d8185d4c/charset_normalizer-3.4.7-py3-none-any.whl", hash = "sha256:3dce51d0f5e7951f8bb4900c257dad282f49190fdbebecd4ba99bcc41fef404d", size = 61958, upload-time = "2026-04-02T09:28:37.794Z" },
]

[[package]]
name = "colorama"
version = "0.4.6"
source = { registry = "https://pypi.org/simple" }
sdist = { url = "https://files.pythonhosted.org/packages/d8/53/6f443c9a4a8358a93a6792e2acffb9d9d5cb0a5cfd8802644b7b1c9a02e4/colorama-0.4.6.tar.gz", hash = "sha256:08695f5cb7ed6e0531a20572697297273c47b8cae5a63ffc6d6ed5c201be6e44", size = 27697, upload-time = "2022-10-25T02:36:22.414Z" }
wheels = [
    { url = "https://files.pythonhosted.org/packages/d1/d6/3965ed04c63042e047cb6a3e6ed1a63a35087b6a609aa3a15ed8ac56c221/colorama-0.4.6-py2.py3-none-any.whl", hash = "sha256:4f1d9991f5acc0ca119f9d443620b77f9d6b33703e51011c16baf57afb285fc6", size = 25335, upload-time = "2022-10-25T02:36:20.889Z" },
]

[[package]]
name = "django"
version = "5.2.14"
source = { registry = "https://pypi.org/simple" }
dependencies = [
    { name = "asgiref" },
    { name = "sqlparse" },
    { name = "tzdata", marker = "sys_platform == 'win32'" },
]
sdist = { url = "https://files.pythonhosted.org/packages/65/95/95f7faa0950867afaa0bef2460c6263afd6a2c78cc9434046ed28160b015/django-5.2.14.tar.gz", hash = "sha256:58a63ba841662e5c686b57ba1fec52ddd68c0b93bd96ac3029d55728f00bf8a2", size = 10895118, upload-time = "2026-05-05T13:57:31.104Z" }
wheels = [
    { url = "https://files.pythonhosted.org/packages/14/44/f172870cf87aa25afef48fb72adba89ee8b77fcab6f3b23d240b923f1528/django-5.2.14-py3-none-any.whl", hash = "sha256:6f712143bd3064310d1f50fac859c3e9a274bdcfc9595339853be7779297fc76", size = 8311320, upload-time = "2026-05-05T13:57:25.795Z" },
]

[[package]]
name = "django-appconf"
version = "1.2.0"
source = { registry = "https://pypi.org/simple" }
dependencies = [
    { name = "django" },
]
sdist = { url = "https://files.pythonhosted.org/packages/d1/a2/e58bec8d7941b914af52a67c35b5709eceed2caa2848f28437f1666ed668/django_appconf-1.2.0.tar.gz", hash = "sha256:15a88d60dd942d6059f467412fe4581db632ef03018a3c183fb415d6fc9e5cec", size = 16127, upload-time = "2025-11-08T15:46:27.304Z" }
wheels = [
    { url = "https://files.pythonhosted.org/packages/e8/e6/4c34d94dfb74bbcbc489606e61f1924933de30d22c593dd1f429f35fbd7f/django_appconf-1.2.0-py3-none-any.whl", hash = "sha256:b81bce5ef0ceb9d84df48dfb623a32235d941c78cc5e45dbb6947f154ea277f4", size = 6500, upload-time = "2025-11-08T15:46:25.957Z" },
]

[[package]]
name = "django-compressor"
version = "4.6.0"
source = { registry = "https://pypi.org/simple" }
dependencies = [
    { name = "django" },
    { name = "django-appconf" },
    { name = "rcssmin" },
    { name = "rjsmin" },
]
sdist = { url = "https://files.pythonhosted.org/packages/a2/e4/c6d87b1341d744ceafa85eeceb2adabb1c62b795b8207cbc580fb70df8f4/django_compressor-4.6.0.tar.gz", hash = "sha256:c7478feab98f3368780591f9ee28a433350f5277dd28811f7f710f5bc6dff3c0", size = 99735, upload-time = "2025-11-10T13:12:11.439Z" }
wheels = [
    { url = "https://files.pythonhosted.org/packages/d5/9d/9a0ba39f33574994e5b33aea55a68e8fad72b8dd923a82300e4e91774f59/django_compressor-4.6.0-py3-none-any.whl", hash = "sha256:6e7b21020a0d86272c5e37000c33accc4ebeb77394a3dd86d775a09aae7aade4", size = 96828, upload-time = "2025-11-10T13:12:10.001Z" },
]

[[package]]
name = "django-debug-toolbar"
version = "5.2.0"
source = { registry = "https://pypi.org/simple" }
dependencies = [
    { name = "django" },
    { name = "sqlparse" },
]
sdist = { url = "https://files.pythonhosted.org/packages/2a/9f/97ba2648f66fa208fc7f19d6895586d08bc5f0ab930a1f41032e60f31a41/django_debug_toolbar-5.2.0.tar.gz", hash = "sha256:9e7f0145e1a1b7d78fcc3b53798686170a5b472d9cf085d88121ff823e900821", size = 297901, upload-time = "2025-04-29T05:23:57.533Z" }
wheels = [
    { url = "https://files.pythonhosted.org/packages/fa/c2/ed3cb815002664349e9e50799b8c00ef15941f4cad797247cadbdeebab02/django_debug_toolbar-5.2.0-py3-none-any.whl", hash = "sha256:15627f4c2836a9099d795e271e38e8cf5204ccd79d5dbcd748f8a6c284dcd195", size = 262834, upload-time = "2025-04-29T05:23:55.472Z" },
]

[[package]]
name = "django-stubs"
version = "5.2.9"
source = { registry = "https://pypi.org/simple" }
dependencies = [
    { name = "django" },
    { name = "django-stubs-ext" },
    { name = "types-pyyaml" },
    { name = "typing-extensions" },
]
sdist = { url = "https://files.pythonhosted.org/packages/9c/01/86c921e0e19c9fa7e705bf795998dbf55eb183e7be0342a3027dc1bcbc9f/django_stubs-5.2.9.tar.gz", hash = "sha256:c192257120b08785cfe6f2f1c91f1797aceae8e9daa689c336e52c91e8f6a493", size = 257970, upload-time = "2026-01-20T23:59:27.018Z" }
wheels = [
    { url = "https://files.pythonhosted.org/packages/0d/05/4c9c419b7051eb4b350100b086be6df487f968ab672d3d370f8ccf7c3746/django_stubs-5.2.9-py3-none-any.whl", hash = "sha256:2317a7130afdaa76f6ff7f623650d7f3bf1b6c86a60f95840e14e6ec6de1a7cd", size = 508656, upload-time = "2026-01-20T23:59:25.12Z" },
]

[[package]]
name = "django-stubs-ext"
version = "6.0.4"
source = { registry = "https://pypi.org/simple" }
dependencies = [
    { name = "django" },
    { name = "typing-extensions" },
]
sdist = { url = "https://files.pythonhosted.org/packages/c6/b0/94335dc59138483c2bd2edf81cb39240fdef5e72c8cf0a6c177db207617b/django_stubs_ext-6.0.4.tar.gz", hash = "sha256:ff21f7b4362928b56e18cda0595f296e33c665f3019f4e3e4231977385e76cac", size = 6684, upload-time = "2026-05-09T21:24:02.745Z" }
wheels = [
    { url = "https://files.pythonhosted.org/packages/b4/42/7db8470c0e276e7c7763c468441381dfa8727a360c68473f33ef828422bb/django_stubs_ext-6.0.4-py3-none-any.whl", hash = "sha256:0434a912bb08a370afcac9e90305c53e6f4eed3c1d1d46962559da5f8dbb8f27", size = 10373, upload-time = "2026-05-09T21:24:01.291Z" },
]

[[package]]
name = "idna"
version = "3.7"
source = { registry = "https://pypi.org/simple" }
sdist = { url = "https://files.pythonhosted.org/packages/21/ed/f86a79a07470cb07819390452f178b3bef1d375f2ec021ecfc709fc7cf07/idna-3.7.tar.gz", hash = "sha256:028ff3aadf0609c1fd278d8ea3089299412a7a8b9bd005dd08b9f8285bcb5cfc", size = 189575, upload-time = "2024-04-11T03:34:43.276Z" }
wheels = [
    { url = "https://files.pythonhosted.org/packages/e5/3e/741d8c82801c347547f8a2a06aa57dbb1992be9e948df2ea0eda2c8b79e8/idna-3.7-py3-none-any.whl", hash = "sha256:82fee1fc78add43492d3a1898bfa6d8a904cc97d8427f683ed8e798d07761aa0", size = 66836, upload-time = "2024-04-11T03:34:41.447Z" },
]

[[package]]
name = "lxml"
version = "6.0.2"
source = { registry = "https://pypi.org/simple" }
sdist = { url = "https://files.pythonhosted.org/packages/aa/88/262177de60548e5a2bfc46ad28232c9e9cbde697bd94132aeb80364675cb/lxml-6.0.2.tar.gz", hash = "sha256:cd79f3367bd74b317dda655dc8fcfa304d9eb6e4fb06b7168c5cf27f96e0cd62", size = 4073426, upload-time = "2025-09-22T04:04:59.287Z" }
wheels = [
    { url = "https://files.pythonhosted.org/packages/f3/c8/8ff2bc6b920c84355146cd1ab7d181bc543b89241cfb1ebee824a7c81457/lxml-6.0.2-cp312-cp312-macosx_10_13_universal2.whl", hash = "sha256:a59f5448ba2ceccd06995c95ea59a7674a10de0810f2ce90c9006f3cbc044456", size = 8661887, upload-time = "2025-09-22T04:01:17.265Z" },
    { url = "https://files.pythonhosted.org/packages/37/6f/9aae1008083bb501ef63284220ce81638332f9ccbfa53765b2b7502203cf/lxml-6.0.2-cp312-cp312-macosx_10_13_x86_64.whl", hash = "sha256:e8113639f3296706fbac34a30813929e29247718e88173ad849f57ca59754924", size = 4667818, upload-time = "2025-09-22T04:01:19.688Z" },
    { url = "https://files.pythonhosted.org/packages/f1/ca/31fb37f99f37f1536c133476674c10b577e409c0a624384147653e38baf2/lxml-6.0.2-cp312-cp312-manylinux2014_aarch64.manylinux_2_17_aarch64.whl", hash = "sha256:a8bef9b9825fa8bc816a6e641bb67219489229ebc648be422af695f6e7a4fa7f", size = 4950807, upload-time = "2025-09-22T04:01:21.487Z" },
    { url = "https://files.pythonhosted.org/packages/da/87/f6cb9442e4bada8aab5ae7e1046264f62fdbeaa6e3f6211b93f4c0dd97f1/lxml-6.0.2-cp312-cp312-manylinux2014_x86_64.manylinux_2_17_x86_64.whl", hash = "sha256:65ea18d710fd14e0186c2f973dc60bb52039a275f82d3c44a0e42b43440ea534", size = 5109179, upload-time = "2025-09-22T04:01:23.32Z" },
    { url = "https://files.pythonhosted.org/packages/c8/20/a7760713e65888db79bbae4f6146a6ae5c04e4a204a3c48896c408cd6ed2/lxml-6.0.2-cp312-cp312-manylinux_2_26_aarch64.manylinux_2_28_aarch64.whl", hash = "sha256:c371aa98126a0d4c739ca93ceffa0fd7a5d732e3ac66a46e74339acd4d334564", size = 5023044, upload-time = "2025-09-22T04:01:25.118Z" },
    { url = "https://files.pythonhosted.org/packages/a2/b0/7e64e0460fcb36471899f75831509098f3fd7cd02a3833ac517433cb4f8f/lxml-6.0.2-cp312-cp312-manylinux_2_26_i686.manylinux_2_28_i686.whl", hash = "sha256:700efd30c0fa1a3581d80a748157397559396090a51d306ea59a70020223d16f", size = 5359685, upload-time = "2025-09-22T04:01:27.398Z" },
    { url = "https://files.pythonhosted.org/packages/b9/e1/e5df362e9ca4e2f48ed6411bd4b3a0ae737cc842e96877f5bf9428055ab4/lxml-6.0.2-cp312-cp312-manylinux_2_26_ppc64le.manylinux_2_28_ppc64le.whl", hash = "sha256:c33e66d44fe60e72397b487ee92e01da0d09ba2d66df8eae42d77b6d06e5eba0", size = 5654127, upload-time = "2025-09-22T04:01:29.629Z" },
    { url = "https://files.pythonhosted.org/packages/c6/d1/232b3309a02d60f11e71857778bfcd4acbdb86c07db8260caf7d008b08f8/lxml-6.0.2-cp312-cp312-manylinux_2_26_x86_64.manylinux_2_28_x86_64.whl", hash = "sha256:90a345bbeaf9d0587a3aaffb7006aa39ccb6ff0e96a57286c0cb2fd1520ea192", size = 5253958, upload-time = "2025-09-22T04:01:31.535Z" },
    { url = "https://files.pythonhosted.org/packages/35/35/d955a070994725c4f7d80583a96cab9c107c57a125b20bb5f708fe941011/lxml-6.0.2-cp312-cp312-manylinux_2_31_armv7l.whl", hash = "sha256:064fdadaf7a21af3ed1dcaa106b854077fbeada827c18f72aec9346847cd65d0", size = 4711541, upload-time = "2025-09-22T04:01:33.801Z" },
    { url = "https://files.pythonhosted.org/packages/1e/be/667d17363b38a78c4bd63cfd4b4632029fd68d2c2dc81f25ce9eb5224dd5/lxml-6.0.2-cp312-cp312-manylinux_2_38_riscv64.manylinux_2_39_riscv64.whl", hash = "sha256:fbc74f42c3525ac4ffa4b89cbdd00057b6196bcefe8bce794abd42d33a018092", size = 5267426, upload-time = "2025-09-22T04:01:35.639Z" },
    { url = "https://files.pythonhosted.org/packages/ea/47/62c70aa4a1c26569bc958c9ca86af2bb4e1f614e8c04fb2989833874f7ae/lxml-6.0.2-cp312-cp312-musllinux_1_2_aarch64.whl", hash = "sha256:6ddff43f702905a4e32bc24f3f2e2edfe0f8fde3277d481bffb709a4cced7a1f", size = 5064917, upload-time = "2025-09-22T04:01:37.448Z" },
    { url = "https://files.pythonhosted.org/packages/bd/55/6ceddaca353ebd0f1908ef712c597f8570cc9c58130dbb89903198e441fd/lxml-6.0.2-cp312-cp312-musllinux_1_2_armv7l.whl", hash = "sha256:6da5185951d72e6f5352166e3da7b0dc27aa70bd1090b0eb3f7f7212b53f1bb8", size = 4788795, upload-time = "2025-09-22T04:01:39.165Z" },
    { url = "https://files.pythonhosted.org/packages/cf/e8/fd63e15da5e3fd4c2146f8bbb3c14e94ab850589beab88e547b2dbce22e1/lxml-6.0.2-cp312-cp312-musllinux_1_2_ppc64le.whl", hash = "sha256:57a86e1ebb4020a38d295c04fc79603c7899e0df71588043eb218722dabc087f", size = 5676759, upload-time = "2025-09-22T04:01:41.506Z" },
    { url = "https://files.pythonhosted.org/packages/76/47/b3ec58dc5c374697f5ba37412cd2728f427d056315d124dd4b61da381877/lxml-6.0.2-cp312-cp312-musllinux_1_2_riscv64.whl", hash = "sha256:2047d8234fe735ab77802ce5f2297e410ff40f5238aec569ad7c8e163d7b19a6", size = 5255666, upload-time = "2025-09-22T04:01:43.363Z" },
    { url = "https://files.pythonhosted.org/packages/19/93/03ba725df4c3d72afd9596eef4a37a837ce8e4806010569bedfcd2cb68fd/lxml-6.0.2-cp312-cp312-musllinux_1_2_x86_64.whl", hash = "sha256:6f91fd2b2ea15a6800c8e24418c0775a1694eefc011392da73bc6cef2623b322", size = 5277989, upload-time = "2025-09-22T04:01:45.215Z" },
    { url = "https://files.pythonhosted.org/packages/c6/80/c06de80bfce881d0ad738576f243911fccf992687ae09fd80b734712b39c/lxml-6.0.2-cp312-cp312-win32.whl", hash = "sha256:3ae2ce7d6fedfb3414a2b6c5e20b249c4c607f72cb8d2bb7cc9c6ec7c6f4e849", size = 3611456, upload-time = "2025-09-22T04:01:48.243Z" },
    { url = "https://files.pythonhosted.org/packages/f7/d7/0cdfb6c3e30893463fb3d1e52bc5f5f99684a03c29a0b6b605cfae879cd5/lxml-6.0.2-cp312-cp312-win_amd64.whl", hash = "sha256:72c87e5ee4e58a8354fb9c7c84cbf95a1c8236c127a5d1b7683f04bed8361e1f", size = 4011793, upload-time = "2025-09-22T04:01:50.042Z" },
    { url = "https://files.pythonhosted.org/packages/ea/7b/93c73c67db235931527301ed3785f849c78991e2e34f3fd9a6663ffda4c5/lxml-6.0.2-cp312-cp312-win_arm64.whl", hash = "sha256:61cb10eeb95570153e0c0e554f58df92ecf5109f75eacad4a95baa709e26c3d6", size = 3672836, upload-time = "2025-09-22T04:01:52.145Z" },
]

[[package]]
name = "pg8000"
version = "1.31.5"
source = { registry = "https://pypi.org/simple" }
dependencies = [
    { name = "python-dateutil" },
    { name = "scramp" },
]
sdist = { url = "https://files.pythonhosted.org/packages/c8/9a/077ab21e700051e03d8c5232b6bcb9a1a4d4b6242c9a0226df2cfa306414/pg8000-1.31.5.tar.gz", hash = "sha256:46ebb03be52b7a77c03c725c79da2ca281d6e8f59577ca66b17c9009618cae78", size = 118933, upload-time = "2025-09-14T09:16:49.748Z" }
wheels = [
    { url = "https://files.pythonhosted.org/packages/45/07/5fd183858dff4d24840f07fc845f213cd371a19958558607ba22035dadd7/pg8000-1.31.5-py3-none-any.whl", hash = "sha256:0af2c1926b153307639868d2ee5cef6cd3a7d07448e12736989b10e1d491e201", size = 57816, upload-time = "2025-09-14T09:16:47.798Z" },
]

[[package]]
name = "pillow"
version = "12.1.1"
source = { registry = "https://pypi.org/simple" }
sdist = { url = "https://files.pythonhosted.org/packages/1f/42/5c74462b4fd957fcd7b13b04fb3205ff8349236ea74c7c375766d6c82288/pillow-12.1.1.tar.gz", hash = "sha256:9ad8fa5937ab05218e2b6a4cff30295ad35afd2f83ac592e68c0d871bb0fdbc4", size = 46980264, upload-time = "2026-02-11T04:23:07.146Z" }
wheels = [
    { url = "https://files.pythonhosted.org/packages/07/d3/8df65da0d4df36b094351dce696f2989bec731d4f10e743b1c5f4da4d3bf/pillow-12.1.1-cp312-cp312-macosx_10_13_x86_64.whl", hash = "sha256:ab323b787d6e18b3d91a72fc99b1a2c28651e4358749842b8f8dfacd28ef2052", size = 5262803, upload-time = "2026-02-11T04:20:47.653Z" },
    { url = "https://files.pythonhosted.org/packages/d6/71/5026395b290ff404b836e636f51d7297e6c83beceaa87c592718747e670f/pillow-12.1.1-cp312-cp312-macosx_11_0_arm64.whl", hash = "sha256:adebb5bee0f0af4909c30db0d890c773d1a92ffe83da908e2e9e720f8edf3984", size = 4657601, upload-time = "2026-02-11T04:20:49.328Z" },
    { url = "https://files.pythonhosted.org/packages/b1/2e/1001613d941c67442f745aff0f7cc66dd8df9a9c084eb497e6a543ee6f7e/pillow-12.1.1-cp312-cp312-manylinux2014_aarch64.manylinux_2_17_aarch64.whl", hash = "sha256:bb66b7cc26f50977108790e2456b7921e773f23db5630261102233eb355a3b79", size = 6234995, upload-time = "2026-02-11T04:20:51.032Z" },
    { url = "https://files.pythonhosted.org/packages/07/26/246ab11455b2549b9233dbd44d358d033a2f780fa9007b61a913c5b2d24e/pillow-12.1.1-cp312-cp312-manylinux2014_x86_64.manylinux_2_17_x86_64.whl", hash = "sha256:aee2810642b2898bb187ced9b349e95d2a7272930796e022efaf12e99dccd293", size = 8045012, upload-time = "2026-02-11T04:20:52.882Z" },
    { url = "https://files.pythonhosted.org/packages/b2/8b/07587069c27be7535ac1fe33874e32de118fbd34e2a73b7f83436a88368c/pillow-12.1.1-cp312-cp312-manylinux_2_27_aarch64.manylinux_2_28_aarch64.whl", hash = "sha256:a0b1cd6232e2b618adcc54d9882e4e662a089d5768cd188f7c245b4c8c44a397", size = 6349638, upload-time = "2026-02-11T04:20:54.444Z" },
    { url = "https://files.pythonhosted.org/packages/ff/79/6df7b2ee763d619cda2fb4fea498e5f79d984dae304d45a8999b80d6cf5c/pillow-12.1.1-cp312-cp312-manylinux_2_27_x86_64.manylinux_2_28_x86_64.whl", hash = "sha256:7aac39bcf8d4770d089588a2e1dd111cbaa42df5a94be3114222057d68336bd0", size = 7041540, upload-time = "2026-02-11T04:20:55.97Z" },
    { url = "https://files.pythonhosted.org/packages/2c/5e/2ba19e7e7236d7529f4d873bdaf317a318896bac289abebd4bb00ef247f0/pillow-12.1.1-cp312-cp312-musllinux_1_2_aarch64.whl", hash = "sha256:ab174cd7d29a62dd139c44bf74b698039328f45cb03b4596c43473a46656b2f3", size = 6462613, upload-time = "2026-02-11T04:20:57.542Z" },
    { url = "https://files.pythonhosted.org/packages/03/03/31216ec124bb5c3dacd74ce8efff4cc7f52643653bad4825f8f08c697743/pillow-12.1.1-cp312-cp312-musllinux_1_2_x86_64.whl", hash = "sha256:339ffdcb7cbeaa08221cd401d517d4b1fe7a9ed5d400e4a8039719238620ca35", size = 7166745, upload-time = "2026-02-11T04:20:59.196Z" },
    { url = "https://files.pythonhosted.org/packages/1f/e7/7c4552d80052337eb28653b617eafdef39adfb137c49dd7e831b8dc13bc5/pillow-12.1.1-cp312-cp312-win32.whl", hash = "sha256:5d1f9575a12bed9e9eedd9a4972834b08c97a352bd17955ccdebfeca5913fa0a", size = 6328823, upload-time = "2026-02-11T04:21:01.385Z" },
    { url = "https://files.pythonhosted.org/packages/3d/17/688626d192d7261bbbf98846fc98995726bddc2c945344b65bec3a29d731/pillow-12.1.1-cp312-cp312-win_amd64.whl", hash = "sha256:21329ec8c96c6e979cd0dfd29406c40c1d52521a90544463057d2aaa937d66a6", size = 7033367, upload-time = "2026-02-11T04:21:03.536Z" },
    { url = "https://files.pythonhosted.org/packages/ed/fe/a0ef1f73f939b0eca03ee2c108d0043a87468664770612602c63266a43c4/pillow-12.1.1-cp312-cp312-win_arm64.whl", hash = "sha256:af9a332e572978f0218686636610555ae3defd1633597be015ed50289a03c523", size = 2453811, upload-time = "2026-02-11T04:21:05.116Z" },
]

[[package]]
name = "plan"
source = { editable = "." }
dependencies = [
    { name = "brotli" },
    { name = "django" },
    { name = "django-compressor" },
    { name = "lxml" },
    { name = "pillow" },
    { name = "psycopg2" },
    { name = "python-memcached" },
    { name = "reportlab" },
    { name = "sentry-sdk" },
    { name = "testing-postgresql" },
    { name = "typing-extensions" },
    { name = "vobject" },
]

[package.dev-dependencies]
dev = [
    { name = "django-debug-toolbar" },
    { name = "django-stubs" },
]
scraper = [
    { name = "requests" },
    { name = "tqdm" },
    { name = "urllib3" },
]

[package.metadata]
requires-dist = [
    { name = "brotli", specifier = "==1.2.0" },
    { name = "django", specifier = "~=5.2.0" },
    { name = "django-compressor", specifier = "~=4.6.0" },
    { name = "lxml", specifier = "==6.0.2" },
    { name = "pillow", specifier = "==12.1.1" },
    { name = "psycopg2", specifier = "==2.9.11" },
    { name = "python-memcached", specifier = ">=1.62,<2" },
    { name = "reportlab", specifier = "==4.4.10" },
    { name = "sentry-sdk", specifier = ">=2.0.0,<3" },
    { name = "testing-postgresql", specifier = "~=1.3.0" },
    { name = "typing-extensions", specifier = ">=4.12.2" },
    { name = "vobject", specifier = ">=0.9.9,<1" },
]

[package.metadata.requires-dev]
dev = [
    { name = "django-debug-toolbar", specifier = "~=5.2.0" },
    { name = "django-stubs", specifier = "~=5.2.9" },
]
scraper = [
    { name = "requests", specifier = ">=2.33.0,<3" },
    { name = "tqdm", specifier = ">=4.67.1,<5" },
    { name = "urllib3", specifier = ">=2.5.0,<3" },
]

[[package]]
name = "psycopg2"
version = "2.9.11"
source = { registry = "https://pypi.org/simple" }
sdist = { url = "https://files.pythonhosted.org/packages/89/8d/9d12bc8677c24dad342ec777529bce705b3e785fa05d85122b5502b9ab55/psycopg2-2.9.11.tar.gz", hash = "sha256:964d31caf728e217c697ff77ea69c2ba0865fa41ec20bb00f0977e62fdcc52e3", size = 379598, upload-time = "2025-10-10T11:14:46.075Z" }
wheels = [
    { url = "https://files.pythonhosted.org/packages/b5/bf/635fbe5dd10ed200afbbfbe98f8602829252ca1cce81cc48fb25ed8dadc0/psycopg2-2.9.11-cp312-cp312-win_amd64.whl", hash = "sha256:e03e4a6dbe87ff81540b434f2e5dc2bddad10296db5eea7bdc995bf5f4162938", size = 2713969, upload-time = "2025-10-10T11:10:15.946Z" },
]

[[package]]
name = "python-dateutil"
version = "2.9.0.post0"
source = { registry = "https://pypi.org/simple" }
dependencies = [
    { name = "six" },
]
sdist = { url = "https://files.pythonhosted.org/packages/66/c0/0c8b6ad9f17a802ee498c46e004a0eb49bc148f2fd230864601a86dcf6db/python-dateutil-2.9.0.post0.tar.gz", hash = "sha256:37dd54208da7e1cd875388217d5e00ebd4179249f90fb72437e91a35459a0ad3", size = 342432, upload-time = "2024-03-01T18:36:20.211Z" }
wheels = [
    { url = "https://files.pythonhosted.org/packages/ec/57/56b9bcc3c9c6a792fcbaf139543cee77261f3651ca9da0c93f5c1221264b/python_dateutil-2.9.0.post0-py2.py3-none-any.whl", hash = "sha256:a8b2bc7bffae282281c8140a97d3aa9c14da0b136dfe83f850eea9a5f7470427", size = 229892, upload-time = "2024-03-01T18:36:18.57Z" },
]

[[package]]
name = "python-memcached"
version = "1.62"
source = { registry = "https://pypi.org/simple" }
sdist = { url = "https://files.pythonhosted.org/packages/e8/3c/204e5c6087efc85b52a68edce8678d44eb28718f5f145e036c277beb467c/python-memcached-1.62.tar.gz", hash = "sha256:0285470599b7f593fbf3bec084daa1f483221e68c1db2cf1d846a9f7c2655103", size = 28591, upload-time = "2024-01-14T15:56:03.134Z" }
wheels = [
    { url = "https://files.pythonhosted.org/packages/8f/1b/3b15a37831ae34a264d7d5b71f3ae9fe74a81251453a3ec2135e76888ef1/python_memcached-1.62-py2.py3-none-any.whl", hash = "sha256:1bdd8d2393ff53e80cd5e9442d750e658e0b35c3eebb3211af137303e3b729d1", size = 15136, upload-time = "2024-01-14T15:56:01.725Z" },
]

[[package]]
name = "pytz"
version = "2026.2"
source = { registry = "https://pypi.org/simple" }
sdist = { url = "https://files.pythonhosted.org/packages/ff/46/dd499ec9038423421951e4fad73051febaa13d2df82b4064f87af8b8c0c3/pytz-2026.2.tar.gz", hash = "sha256:0e60b47b29f21574376f218fe21abc009894a2321ea16c6754f3cad6eb7cdd6a", size = 320861, upload-time = "2026-05-04T01:35:29.667Z" }
wheels = [
    { url = "https://files.pythonhosted.org/packages/ec/dd/96da98f892250475bdf2328112d7468abdd4acc7b902b6af23f4ed958ea0/pytz-2026.2-py2.py3-none-any.whl", hash = "sha256:04156e608bee23d3792fd45c94ae47fae1036688e75032eea2e3bf0323d1f126", size = 510141, upload-time = "2026-05-04T01:35:27.408Z" },
]

[[package]]
name = "rcssmin"
version = "1.2.2"
source = { registry = "https://pypi.org/simple" }
sdist = { url = "https://files.pythonhosted.org/packages/81/af/c9654b4f9b054ec163ed7cb20d8db0e5ae05e2e9ce99a4c11d91a2180b3f/rcssmin-1.2.2.tar.gz", hash = "sha256:806986eaf7414545edc28a1d29523e9560e49e151ff4a337d9d1f0271d6e1cc4", size = 587012, upload-time = "2025-10-12T10:48:08.932Z" }
wheels = [
    { url = "https://files.pythonhosted.org/packages/86/5c/29af37ffb21a3069d108902868262b25fbbf731821cf5c7de76bba986dd1/rcssmin-1.2.2-cp312-cp312-manylinux1_i686.whl", hash = "sha256:78249189d39344a1e9d813c51362831537500e104c5bdce4ff24fe59010e9ee1", size = 48819, upload-time = "2025-10-12T10:48:31.3Z" },
    { url = "https://files.pythonhosted.org/packages/89/dc/b522a5e1a0a8ef8af50adbb3bdd9f5a059a9890b9fc5ce3f44a37a996a74/rcssmin-1.2.2-cp312-cp312-manylinux1_x86_64.whl", hash = "sha256:217efed0dff304d503bf481068ddb13ae72176ed5970f1011fb1a1e379308d9c", size = 49248, upload-time = "2025-10-12T10:48:32.254Z" },
    { url = "https://files.pythonhosted.org/packages/66/0b/7c0018793080ed26939d9beaf09591cf58fb9cda3253a891137b841a902a/rcssmin-1.2.2-cp312-cp312-manylinux2014_aarch64.whl", hash = "sha256:c51aa47b1752ae55ad4cf4332e7316c5206a6a686d65bc15431a6bfea393e665", size = 50723, upload-time = "2025-10-12T10:48:33.398Z" },
    { url = "https://files.pythonhosted.org/packages/52/b4/c8b0d2588719af2b9c454e6e95f18bd60b0c474da4b65af61bb6457a7555/rcssmin-1.2.2-cp312-cp312-musllinux_1_1_aarch64.whl", hash = "sha256:354215283f32413ced87b358934ebbb7c5529f51f5d316e80bc2889486d388b3", size = 53302, upload-time = "2025-10-12T10:48:34.452Z" },
    { url = "https://files.pythonhosted.org/packages/8d/cb/1a8d6ace1ff845d57fa31087510a88dc10ac01cea41317e976bbf2413f91/rcssmin-1.2.2-cp312-cp312-musllinux_1_1_i686.whl", hash = "sha256:265b57de87949b505bcd658f4f5bbfc1f077390108cd12e288ba2f7824bee52c", size = 53001, upload-time = "2025-10-12T10:48:35.389Z" },
    { url = "https://files.pythonhosted.org/packages/5e/25/2d97155edb351a28e5a46a35f7b4e54bfe3933847bd2ba6674216a817d9e/rcssmin-1.2.2-cp312-cp312-musllinux_1_1_x86_64.whl", hash = "sha256:83ecd3093640d69f7582839788e012ecf9a85faeb95760032626977a7d3904b2", size = 53285, upload-time = "2025-10-12T10:48:36.513Z" },
]

[[package]]
name = "reportlab"
version = "4.4.10"
source = { registry = "https://pypi.org/simple" }
dependencies = [
    { name = "charset-normalizer" },
    { name = "pillow" },
]
sdist = { url = "https://files.pythonhosted.org/packages/48/57/28bfbf0a775b618b6e4d854ef8dd3f5c8988e5d614d8898703502a35f61c/reportlab-4.4.10.tar.gz", hash = "sha256:5cbbb34ac3546039d0086deb2938cdec06b12da3cdb836e813258eb33cd28487", size = 3714962, upload-time = "2026-02-12T10:45:21.325Z" }
wheels = [
    { url = "https://files.pythonhosted.org/packages/8a/2e/e1798b8b248e1517e74c6cdf10dd6edd485044e7edf46b5f11ffcc5a0add/reportlab-4.4.10-py3-none-any.whl", hash = "sha256:5abc815746ae2bc44e7ff25db96814f921349ca814c992c7eac3c26029bf7c24", size = 1955400, upload-time = "2026-02-12T10:45:18.828Z" },
]

[[package]]
name = "requests"
version = "2.33.0"
source = { registry = "https://pypi.org/simple" }
dependencies = [
    { name = "certifi" },
    { name = "charset-normalizer" },
    { name = "idna" },
    { name = "urllib3" },
]
sdist = { url = "https://files.pythonhosted.org/packages/34/64/8860370b167a9721e8956ae116825caff829224fbca0ca6e7bf8ddef8430/requests-2.33.0.tar.gz", hash = "sha256:c7ebc5e8b0f21837386ad0e1c8fe8b829fa5f544d8df3b2253bff14ef29d7652", size = 134232, upload-time = "2026-03-25T15:10:41.586Z" }
wheels = [
    { url = "https://files.pythonhosted.org/packages/56/5d/c814546c2333ceea4ba42262d8c4d55763003e767fa169adc693bd524478/requests-2.33.0-py3-none-any.whl", hash = "sha256:3324635456fa185245e24865e810cecec7b4caf933d7eb133dcde67d48cee69b", size = 65017, upload-time = "2026-03-25T15:10:40.382Z" },
]

[[package]]
name = "rjsmin"
version = "1.2.5"
source = { registry = "https://pypi.org/simple" }
sdist = { url = "https://files.pythonhosted.org/packages/59/16/14288d309d0f42c6586440c47bf6ec1a880218f698f30293fa3782db4008/rjsmin-1.2.5.tar.gz", hash = "sha256:a3f8040b0273dec773e0e807e86a4d0a9535516c0a0a35aa1bb6de6e15bb1f09", size = 427399, upload-time = "2025-10-12T10:50:27.422Z" }
wheels = [
    { url = "https://files.pythonhosted.org/packages/d6/f3/143727b02b5c5fdc08335be8b2184f19b762ee7d184bb4459e94ed668ae0/rjsmin-1.2.5-cp312-cp312-manylinux1_i686.whl", hash = "sha256:d8b6ddaaa78fd2d3243da11c13033946d211d37729c64814cefe32dba02d9921", size = 31838, upload-time = "2025-10-12T10:50:49.553Z" },
    { url = "https://files.pythonhosted.org/packages/13/dc/72ca27c526925e88e273c3af6848777b289e4eb0854afcd7c6dbbfd4d196/rjsmin-1.2.5-cp312-cp312-manylinux1_x86_64.whl", hash = "sha256:2f46270969613de2292a7f747c31cabd9354cc49f6cd23f9cc8688d3af9f889e", size = 31795, upload-time = "2025-10-12T10:50:50.459Z" },
    { url = "https://files.pythonhosted.org/packages/49/1e/f8bfe2f6949b31adb66563ceca84d9d38f32867aad303cf4311b12534487/rjsmin-1.2.5-cp312-cp312-manylinux2014_aarch64.whl", hash = "sha256:6e7b1bb52665894d8cba84144ee91723475948d5d1a54d7f0b25a1cdce8c5921", size = 32085, upload-time = "2025-10-12T10:50:51.704Z" },
    { url = "https://files.pythonhosted.org/packages/df/d0/239d16374e9e3e0aba2e4924175f2401f21126a1c2df83f5fb18af3ec808/rjsmin-1.2.5-cp312-cp312-musllinux_1_1_aarch64.whl", hash = "sha256:f68dd62707d62fc1771be4407892cb932d48fa19a51e7a0e35a11b00e427e3f7", size = 35995, upload-time = "2025-10-12T10:50:52.714Z" },
    { url = "https://files.pythonhosted.org/packages/43/61/179f5ef72a688cf290acdbcdfcbacc4af297751af1b10d4097af03cb31eb/rjsmin-1.2.5-cp312-cp312-musllinux_1_1_i686.whl", hash = "sha256:73b6b099f8afb8aa7ff9ddfbfd4d6ae6540dfe7630833a04a26f1d9f67528eaf", size = 36200, upload-time = "2025-10-12T10:50:54.065Z" },
    { url = "https://files.pythonhosted.org/packages/c9/3b/42bb50ee0bb3a4baa8f435ad6bfca48ed5a5b46e4b614e1f4d320ce729d2/rjsmin-1.2.5-cp312-cp312-musllinux_1_1_x86_64.whl", hash = "sha256:372d57835014a332dbf227b6de284ea3ee052600ab0f176df959c75a33f0690e", size = 36110, upload-time = "2025-10-12T10:50:55.393Z" },
]

[[package]]
name = "scramp"
version = "1.4.8"
source = { registry = "https://pypi.org/simple" }
dependencies = [
    { name = "asn1crypto" },
]
sdist = { url = "https://files.pythonhosted.org/packages/98/52/a866f1ac9ae9025ec7f9bea803bba9d54796f8a84236165a700831f61b27/scramp-1.4.8.tar.gz", hash = "sha256:bd018fabfe46343cceeb9f1c3e8d23f55770271e777e3accbfaee3ff0a316e71", size = 16630, upload-time = "2026-01-06T21:01:01.083Z" }
wheels = [
    { url = "https://files.pythonhosted.org/packages/90/07/a962d2477331abfdb2c6a8251b65c673dbb07ad707d1882d61562b8b9147/scramp-1.4.8-py3-none-any.whl", hash = "sha256:87c2f15976845a2872fe5490a06097f0d01813cceb53774ea168c911f2ad025c", size = 13121, upload-time = "2026-01-06T21:00:59.474Z" },
]

[[package]]
name = "sentry-sdk"
version = "2.58.0"
source = { registry = "https://pypi.org/simple" }
dependencies = [
    { name = "certifi" },
    { name = "urllib3" },
]
sdist = { url = "https://files.pythonhosted.org/packages/26/b3/fb8291170d0e844173164709fc0fa0c221ed75a5da740c8746f2a83b4eb1/sentry_sdk-2.58.0.tar.gz", hash = "sha256:c1144d947352d54e5b7daa63596d9f848adf684989c06c4f5a659f0c85a18f6f", size = 438764, upload-time = "2026-04-13T17:23:26.265Z" }
wheels = [
    { url = "https://files.pythonhosted.org/packages/fa/eb/d875669993b762556ae8b2efd86219943b4c0864d22204d622a9aee3052b/sentry_sdk-2.58.0-py2.py3-none-any.whl", hash = "sha256:688d1c704ddecf382ea3326f21a67453d4caa95592d722b7c780a36a9d23109e", size = 460919, upload-time = "2026-04-13T17:23:24.675Z" },
]

[[package]]
name = "six"
version = "1.17.0"
source = { registry = "https://pypi.org/simple" }
sdist = { url = "https://files.pythonhosted.org/packages/94/e7/b2c673351809dca68a0e064b6af791aa332cf192da575fd474ed7d6f16a2/six-1.17.0.tar.gz", hash = "sha256:ff70335d468e7eb6ec65b95b99d3a2836546063f63acc5171de367e834932a81", size = 34031, upload-time = "2024-12-04T17:35:28.174Z" }
wheels = [
    { url = "https://files.pythonhosted.org/packages/b7/ce/149a00dd41f10bc29e5921b496af8b574d8413afcd5e30dfa0ed46c2cc5e/six-1.17.0-py2.py3-none-any.whl", hash = "sha256:4721f391ed90541fddacab5acf947aa0d3dc7d27b2e1e8eda2be8970586c3274", size = 11050, upload-time = "2024-12-04T17:35:26.475Z" },
]

[[package]]
name = "sqlparse"
version = "0.5.5"
source = { registry = "https://pypi.org/simple" }
sdist = { url = "https://files.pythonhosted.org/packages/90/76/437d71068094df0726366574cf3432a4ed754217b436eb7429415cf2d480/sqlparse-0.5.5.tar.gz", hash = "sha256:e20d4a9b0b8585fdf63b10d30066c7c94c5d7a7ec47c889a2d83a3caa93ff28e", size = 120815, upload-time = "2025-12-19T07:17:45.073Z" }
wheels = [
    { url = "https://files.pythonhosted.org/packages/49/4b/359f28a903c13438ef59ebeee215fb25da53066db67b305c125f1c6d2a25/sqlparse-0.5.5-py3-none-any.whl", hash = "sha256:12a08b3bf3eec877c519589833aed092e2444e68240a3577e8e26148acc7b1ba", size = 46138, upload-time = "2025-12-19T07:17:46.573Z" },
]

[[package]]
name = "testing-common-database"
version = "2.0.3"
source = { registry = "https://pypi.org/simple" }
sdist = { url = "https://files.pythonhosted.org/packages/25/3c/5f7eef6ce8a16314a39f2b905ebd5cd2bfdcbaabafb7fd71dc10c3f32c4d/testing.common.database-2.0.3.tar.gz", hash = "sha256:965d80b2985315325dc358c3061b174a712f4d4d5bf6a80b58b11f9a1dd86d73", size = 11535, upload-time = "2017-10-23T15:02:37.347Z" }
wheels = [
    { url = "https://files.pythonhosted.org/packages/a7/1a/ca1c39544ed92fa8ea121ff3bf05bb4838520c498942054235ebc4a83b36/testing.common.database-2.0.3-py2.py3-none-any.whl", hash = "sha256:e3ed492bf480a87f271f74c53b262caf5d85c8bc09989a8f534fa2283ec52492", size = 10500, upload-time = "2017-10-23T15:02:40.781Z" },
]

[[package]]
name = "testing-postgresql"
version = "1.3.0"
source = { registry = "https://pypi.org/simple" }
dependencies = [
    { name = "pg8000" },
    { name = "testing-common-database" },
]
sdist = { url = "https://files.pythonhosted.org/packages/3a/5b/3bf1323697c4f4f0e8fb5c14d082dc2f005385ea139b19646c0fc9f1dbb7/testing.postgresql-1.3.0.tar.gz", hash = "sha256:8e1a69760369a7a8ffe63a66b6d95a5cd82db2fb976e4a8f85ffd24fbfc447d8", size = 11000, upload-time = "2016-02-04T13:57:05.396Z" }
wheels = [
    { url = "https://files.pythonhosted.org/packages/11/76/d614d4bc950d961a73c952e9a2e0956d02d0869a86d3dfad070376863988/testing.postgresql-1.3.0-py2.py3-none-any.whl", hash = "sha256:1b41daeb98dfc8cd4a584bb91e8f5f4ab182993870f95257afe5f1ba6151a598", size = 8901, upload-time = "2016-02-04T13:57:11.857Z" },
]

[[package]]
name = "tqdm"
version = "4.67.1"
source = { registry = "https://pypi.org/simple" }
dependencies = [
    { name = "colorama", marker = "sys_platform == 'win32'" },
]
sdist = { url = "https://files.pythonhosted.org/packages/a8/4b/29b4ef32e036bb34e4ab51796dd745cdba7ed47ad142a9f4a1eb8e0c744d/tqdm-4.67.1.tar.gz", hash = "sha256:f8aef9c52c08c13a65f30ea34f4e5aac3fd1a34959879d7e59e63027286627f2", size = 169737, upload-time = "2024-11-24T20:12:22.481Z" }
wheels = [
    { url = "https://files.pythonhosted.org/packages/d0/30/dc54f88dd4a2b5dc8a0279bdd7270e735851848b762aeb1c1184ed1f6b14/tqdm-4.67.1-py3-none-any.whl", hash = "sha256:26445eca388f82e72884e0d580d5464cd801a3ea01e63e5601bdff9ba6a48de2", size = 78540, upload-time = "2024-11-24T20:12:19.698Z" },
]

[[package]]
name = "types-pyyaml"
version = "6.0.12.20250915"
source = { registry = "https://pypi.org/simple" }
sdist = { url = "https://files.pythonhosted.org/packages/7e/69/3c51b36d04da19b92f9e815be12753125bd8bc247ba0470a982e6979e71c/types_pyyaml-6.0.12.20250915.tar.gz", hash = "sha256:0f8b54a528c303f0e6f7165687dd33fafa81c807fcac23f632b63aa624ced1d3", size = 17522, upload-time = "2025-09-15T03:01:00.728Z" }
wheels = [
    { url = "https://files.pythonhosted.org/packages/bd/e0/1eed384f02555dde685fff1a1ac805c1c7dcb6dd019c916fe659b1c1f9ec/types_pyyaml-6.0.12.20250915-py3-none-any.whl", hash = "sha256:e7d4d9e064e89a3b3cae120b4990cd370874d2bf12fa5f46c97018dd5d3c9ab6", size = 20338, upload-time = "2025-09-15T03:00:59.218Z" },
]

[[package]]
name = "typing-extensions"
version = "4.15.0"
source = { registry = "https://pypi.org/simple" }
sdist = { url = "https://files.pythonhosted.org/packages/72/94/1a15dd82efb362ac84269196e94cf00f187f7ed21c242792a923cdb1c61f/typing_extensions-4.15.0.tar.gz", hash = "sha256:0cea48d173cc12fa28ecabc3b837ea3cf6f38c6d1136f85cbaaf598984861466", size = 109391, upload-time = "2025-08-25T13:49:26.313Z" }
wheels = [
    { url = "https://files.pythonhosted.org/packages/18/67/36e9267722cc04a6b9f15c7f3441c2363321a3ea07da7ae0c0707beb2a9c/typing_extensions-4.15.0-py3-none-any.whl", hash = "sha256:f0fa19c6845758ab08074a0cfa8b7aecb71c999ca73d62883bc25cc018c4e548", size = 44614, upload-time = "2025-08-25T13:49:24.86Z" },
]

[[package]]
name = "tzdata"
version = "2026.2"
source = { registry = "https://pypi.org/simple" }
sdist = { url = "https://files.pythonhosted.org/packages/ba/19/1b9b0e29f30c6d35cb345486df41110984ea67ae69dddbc0e8a100999493/tzdata-2026.2.tar.gz", hash = "sha256:9173fde7d80d9018e02a662e168e5a2d04f87c41ea174b139fbef642eda62d10", size = 198254, upload-time = "2026-04-24T15:22:08.651Z" }
wheels = [
    { url = "https://files.pythonhosted.org/packages/ce/e4/dccd7f47c4b64213ac01ef921a1337ee6e30e8c6466046018326977efd95/tzdata-2026.2-py2.py3-none-any.whl", hash = "sha256:bbe9af844f658da81a5f95019480da3a89415801f6cc966806612cc7169bffe7", size = 349321, upload-time = "2026-04-24T15:22:05.876Z" },
]

[[package]]
name = "urllib3"
version = "2.6.3"
source = { registry = "https://pypi.org/simple" }
sdist = { url = "https://files.pythonhosted.org/packages/c7/24/5f1b3bdffd70275f6661c76461e25f024d5a38a46f04aaca912426a2b1d3/urllib3-2.6.3.tar.gz", hash = "sha256:1b62b6884944a57dbe321509ab94fd4d3b307075e0c2eae991ac71ee15ad38ed", size = 435556, upload-time = "2026-01-07T16:24:43.925Z" }
wheels = [
    { url = "https://files.pythonhosted.org/packages/39/08/aaaad47bc4e9dc8c725e68f9d04865dbcb2052843ff09c97b08904852d84/urllib3-2.6.3-py3-none-any.whl", hash = "sha256:bf272323e553dfb2e87d9bfd225ca7b0f467b919d7bbd355436d3fd37cb0acd4", size = 131584, upload-time = "2026-01-07T16:24:42.685Z" },
]

[[package]]
name = "vobject"
version = "0.9.9"
source = { registry = "https://pypi.org/simple" }
dependencies = [
    { name = "python-dateutil" },
    { name = "pytz" },
    { name = "six" },
]
sdist = { url = "https://files.pythonhosted.org/packages/d0/8a/15c34b3d27c43fc81a467d0f66577afc5542326804c42f30557e31c3259e/vobject-0.9.9.tar.gz", hash = "sha256:ac44e5d7e2079d84c1d52c50a615b9bec4b1ba958608c4c7fe40cbf33247b38e", size = 1208905, upload-time = "2024-12-16T07:29:39.178Z" }
wheels = [
    { url = "https://files.pythonhosted.org/packages/68/20/6bba813bbd498c28edbbcf8253a6398cf4266ecf7bfa6129835c0a2bfbb1/vobject-0.9.9-py2.py3-none-any.whl", hash = "sha256:0fbdb982065cf4d1843a5d5950c88510041c6de026bda49c3502721de1c6ac3d", size = 47526, upload-time = "2024-12-16T07:31:08.493Z" },
]
