version = 1
revision = 3
requires-python = "==3.10.*"

[[package]]
name = "asgiref"
version = "3.11.0"
source = { registry = "https://pypi.org/simple" }
dependencies = [
    { name = "typing-extensions" },
]
sdist = { url = "https://files.pythonhosted.org/packages/76/b9/4db2509eabd14b4a8c71d1b24c8d5734c52b8560a7b1e1a8b56c8d25568b/asgiref-3.11.0.tar.gz", hash = "sha256:13acff32519542a1736223fb79a715acdebe24286d98e8b164a73085f40da2c4", size = 37969, upload-time = "2025-11-19T15:32:20.106Z" }
wheels = [
    { url = "https://files.pythonhosted.org/packages/91/be/317c2c55b8bbec407257d45f5c8d1b6867abc76d12043f2d3d58c538a4ea/asgiref-3.11.0-py3-none-any.whl", hash = "sha256:1db9021efadb0d9512ce8ffaf72fcef601c7b73a8807a1bb2ef143dc6b14846d", size = 24096, upload-time = "2025-11-19T15:32:19.004Z" },
]

[[package]]
name = "brotli"
version = "1.2.0"
source = { registry = "https://pypi.org/simple" }
sdist = { url = "https://files.pythonhosted.org/packages/f7/16/c92ca344d646e71a43b8bb353f0a6490d7f6e06210f8554c8f874e454285/brotli-1.2.0.tar.gz", hash = "sha256:e310f77e41941c13340a95976fe66a8a95b01e783d430eeaf7a2f87e0a57dd0a", size = 7388632, upload-time = "2025-11-05T18:39:42.86Z" }
wheels = [
    { url = "https://files.pythonhosted.org/packages/64/10/a090475284fc4a71aed40a96f32e44a7fe5bda39687353dd977720b211b6/brotli-1.2.0-cp310-cp310-macosx_10_9_universal2.whl", hash = "sha256:3b90b767916ac44e93a8e28ce6adf8d551e43affb512f2377c732d486ac6514e", size = 863089, upload-time = "2025-11-05T18:38:01.181Z" },
    { url = "https://files.pythonhosted.org/packages/03/41/17416630e46c07ac21e378c3464815dd2e120b441e641bc516ac32cc51d2/brotli-1.2.0-cp310-cp310-macosx_10_9_x86_64.whl", hash = "sha256:6be67c19e0b0c56365c6a76e393b932fb0e78b3b56b711d180dd7013cb1fd984", size = 445442, upload-time = "2025-11-05T18:38:02.434Z" },
    { url = "https://files.pythonhosted.org/packages/24/31/90cc06584deb5d4fcafc0985e37741fc6b9717926a78674bbb3ce018957e/brotli-1.2.0-cp310-cp310-manylinux2014_aarch64.manylinux_2_17_aarch64.manylinux_2_28_aarch64.whl", hash = "sha256:0bbd5b5ccd157ae7913750476d48099aaf507a79841c0d04a9db4415b14842de", size = 1532658, upload-time = "2025-11-05T18:38:03.588Z" },
    { url = "https://files.pythonhosted.org/packages/62/17/33bf0c83bcbc96756dfd712201d87342732fad70bb3472c27e833a44a4f9/brotli-1.2.0-cp310-cp310-manylinux2014_ppc64le.manylinux_2_17_ppc64le.manylinux_2_28_ppc64le.whl", hash = "sha256:3f3c908bcc404c90c77d5a073e55271a0a498f4e0756e48127c35d91cf155947", size = 1631241, upload-time = "2025-11-05T18:38:04.582Z" },
    { url = "https://files.pythonhosted.org/packages/48/10/f47854a1917b62efe29bc98ac18e5d4f71df03f629184575b862ef2e743b/brotli-1.2.0-cp310-cp310-manylinux2014_x86_64.manylinux_2_17_x86_64.whl", hash = "sha256:1b557b29782a643420e08d75aea889462a4a8796e9a6cf5621ab05a3f7da8ef2", size = 1424307, upload-time = "2025-11-05T18:38:05.587Z" },
    { url = "https://files.pythonhosted.org/packages/e4/b7/f88eb461719259c17483484ea8456925ee057897f8e64487d76e24e5e38d/brotli-1.2.0-cp310-cp310-musllinux_1_2_aarch64.whl", hash = "sha256:81da1b229b1889f25adadc929aeb9dbc4e922bd18561b65b08dd9343cfccca84", size = 1488208, upload-time = "2025-11-05T18:38:06.613Z" },
    { url = "https://files.pythonhosted.org/packages/26/59/41bbcb983a0c48b0b8004203e74706c6b6e99a04f3c7ca6f4f41f364db50/brotli-1.2.0-cp310-cp310-musllinux_1_2_ppc64le.whl", hash = "sha256:ff09cd8c5eec3b9d02d2408db41be150d8891c5566addce57513bf546e3d6c6d", size = 1597574, upload-time = "2025-11-05T18:38:07.838Z" },
    { url = "https://files.pythonhosted.org/packages/8e/e6/8c89c3bdabbe802febb4c5c6ca224a395e97913b5df0dff11b54f23c1788/brotli-1.2.0-cp310-cp310-musllinux_1_2_x86_64.whl", hash = "sha256:a1778532b978d2536e79c05dac2d8cd857f6c55cd0c95ace5b03740824e0e2f1", size = 1492109, upload-time = "2025-11-05T18:38:08.816Z" },
    { url = "https://files.pythonhosted.org/packages/ed/9a/4b19d4310b2dbd545c0c33f176b0528fa68c3cd0754e34b2f2bcf56548ae/brotli-1.2.0-cp310-cp310-win32.whl", hash = "sha256:b232029d100d393ae3c603c8ffd7e3fe6f798c5e28ddca5feabb8e8fdb732997", size = 334461, upload-time = "2025-11-05T18:38:10.729Z" },
    { url = "https://files.pythonhosted.org/packages/ac/39/70981d9f47705e3c2b95c0847dfa3e7a37aa3b7c6030aedc4873081ed005/brotli-1.2.0-cp310-cp310-win_amd64.whl", hash = "sha256:ef87b8ab2704da227e83a246356a2b179ef826f550f794b2c52cddb4efbd0196", size = 369035, upload-time = "2025-11-05T18:38:11.827Z" },
]

[[package]]
name = "certifi"
version = "2026.1.4"
source = { registry = "https://pypi.org/simple" }
sdist = { url = "https://files.pythonhosted.org/packages/e0/2d/a891ca51311197f6ad14a7ef42e2399f36cf2f9bd44752b3dc4eab60fdc5/certifi-2026.1.4.tar.gz", hash = "sha256:ac726dd470482006e014ad384921ed6438c457018f4b3d204aea4281258b2120", size = 154268, upload-time = "2026-01-04T02:42:41.825Z" }
wheels = [
    { url = "https://files.pythonhosted.org/packages/e6/ad/3cc14f097111b4de0040c83a525973216457bbeeb63739ef1ed275c1c021/certifi-2026.1.4-py3-none-any.whl", hash = "sha256:9943707519e4add1115f44c2bc244f782c0249876bf51b6599fee1ffbedd685c", size = 152900, upload-time = "2026-01-04T02:42:40.15Z" },
]

[[package]]
name = "chardet"
version = "4.0.0"
source = { registry = "https://pypi.org/simple" }
sdist = { url = "https://files.pythonhosted.org/packages/ee/2d/9cdc2b527e127b4c9db64b86647d567985940ac3698eeabc7ffaccb4ea61/chardet-4.0.0.tar.gz", hash = "sha256:0d6f53a15db4120f2b08c94f11e7d93d2c911ee118b6b30a04ec3ee8310179fa", size = 1907771, upload-time = "2020-12-10T19:35:33.971Z" }
wheels = [
    { url = "https://files.pythonhosted.org/packages/19/c7/fa589626997dd07bd87d9269342ccb74b1720384a4d739a1872bd84fbe68/chardet-4.0.0-py2.py3-none-any.whl", hash = "sha256:f864054d66fd9118f2e67044ac8981a54775ec5b67aed0441892edb553d21da5", size = 178743, upload-time = "2020-12-10T19:35:32.469Z" },
]

[[package]]
name = "colorama"
version = "0.4.6"
source = { registry = "https://pypi.org/simple" }
sdist = { url = "https://files.pythonhosted.org/packages/d8/53/6f443c9a4a8358a93a6792e2acffb9d9d5cb0a5cfd8802644b7b1c9a02e4/colorama-0.4.6.tar.gz", hash = "sha256:08695f5cb7ed6e0531a20572697297273c47b8cae5a63ffc6d6ed5c201be6e44", size = 27697, upload-time = "2022-10-25T02:36:22.414Z" }
wheels = [
    { url = "https://files.pythonhosted.org/packages/d1/d6/3965ed04c63042e047cb6a3e6ed1a63a35087b6a609aa3a15ed8ac56c221/colorama-0.4.6-py2.py3-none-any.whl", hash = "sha256:4f1d9991f5acc0ca119f9d443620b77f9d6b33703e51011c16baf57afb285fc6", size = 25335, upload-time = "2022-10-25T02:36:20.889Z" },
]

[[package]]
name = "django"
version = "3.2.25"
source = { registry = "https://pypi.org/simple" }
dependencies = [
    { name = "asgiref" },
    { name = "pytz" },
    { name = "sqlparse" },
]
sdist = { url = "https://files.pythonhosted.org/packages/ec/68/0e744f07b57bfdf99abbb6b3eb14fcba188867021c05f4a104e04f6d56b8/Django-3.2.25.tar.gz", hash = "sha256:7ca38a78654aee72378594d63e51636c04b8e28574f5505dff630895b5472777", size = 9836336, upload-time = "2024-03-04T08:57:02.257Z" }
wheels = [
    { url = "https://files.pythonhosted.org/packages/30/8e/cc23c762c5dcd1d367d73cf006a326e0df2bd0e785cba18b658b39904c1e/Django-3.2.25-py3-none-any.whl", hash = "sha256:a52ea7fcf280b16f7b739cec38fa6d3f8953a5456986944c3ca97e79882b4e38", size = 7890550, upload-time = "2024-03-04T08:56:47.529Z" },
]

[[package]]
name = "django-appconf"
version = "1.2.0"
source = { registry = "https://pypi.org/simple" }
dependencies = [
    { name = "django" },
]
sdist = { url = "https://files.pythonhosted.org/packages/d1/a2/e58bec8d7941b914af52a67c35b5709eceed2caa2848f28437f1666ed668/django_appconf-1.2.0.tar.gz", hash = "sha256:15a88d60dd942d6059f467412fe4581db632ef03018a3c183fb415d6fc9e5cec", size = 16127, upload-time = "2025-11-08T15:46:27.304Z" }
wheels = [
    { url = "https://files.pythonhosted.org/packages/e8/e6/4c34d94dfb74bbcbc489606e61f1924933de30d22c593dd1f429f35fbd7f/django_appconf-1.2.0-py3-none-any.whl", hash = "sha256:b81bce5ef0ceb9d84df48dfb623a32235d941c78cc5e45dbb6947f154ea277f4", size = 6500, upload-time = "2025-11-08T15:46:25.957Z" },
]

[[package]]
name = "django-compressor"
version = "2.4.1"
source = { registry = "https://pypi.org/simple" }
dependencies = [
    { name = "django-appconf" },
    { name = "rcssmin" },
    { name = "rjsmin" },
    { name = "six" },
]
sdist = { url = "https://files.pythonhosted.org/packages/34/77/4352563ad70317ac021ba913c2f8cdb5b10cb35c70885d27f2c83cddff22/django_compressor-2.4.1.tar.gz", hash = "sha256:3358077605c146fdcca5f9eaffb50aa5dbe15f238f8854679115ebf31c0415e0", size = 123800, upload-time = "2021-04-17T18:52:22.956Z" }
wheels = [
    { url = "https://files.pythonhosted.org/packages/ae/7d/5cc45560591c1a8b3c180c3fd89975e4cb9d4097dcec6b7736530099f093/django_compressor-2.4.1-py2.py3-none-any.whl", hash = "sha256:f8313f59d5e65712fc28787d084fe834997c9dfa92d064a1a3ec3d3366594d04", size = 145292, upload-time = "2021-04-17T18:52:21.167Z" },
]

[[package]]
name = "django-debug-toolbar"
version = "3.5.0"
source = { registry = "https://pypi.org/simple" }
dependencies = [
    { name = "django" },
    { name = "sqlparse" },
]
sdist = { url = "https://files.pythonhosted.org/packages/00/72/eb045d326135c0015a18fded53c6f780cd617716726f76c109c80240e8ac/django-debug-toolbar-3.5.0.tar.gz", hash = "sha256:97965f2630692de316ea0c1ca5bfa81660d7ba13146dbc6be2059cf55b35d0e5", size = 132584, upload-time = "2022-06-23T18:03:07.955Z" }
wheels = [
    { url = "https://files.pythonhosted.org/packages/f2/dd/8ddf26ec9774e146081154acfbfbdd00d5bcbfe0a39b7ae040f0766982b9/django_debug_toolbar-3.5.0-py3-none-any.whl", hash = "sha256:89a52128309eb4da12738801ff0c202d2ff8730d1c3225fac6acf630c303e661", size = 220148, upload-time = "2022-06-23T18:02:50.12Z" },
]

[[package]]
name = "django-stubs"
version = "4.2.7"
source = { registry = "https://pypi.org/simple" }
dependencies = [
    { name = "django" },
    { name = "django-stubs-ext" },
    { name = "tomli" },
    { name = "types-pytz" },
    { name = "types-pyyaml" },
    { name = "typing-extensions" },
]
sdist = { url = "https://files.pythonhosted.org/packages/1c/1f/1b1da357d37cbbf21496c17aad5a55416c7c37944a909c4a19ddd61994df/django-stubs-4.2.7.tar.gz", hash = "sha256:8ccd2ff4ee5adf22b9e3b7b1a516d2e1c2191e9d94e672c35cc2bc3dd61e0f6b", size = 258590, upload-time = "2023-12-05T19:02:28.493Z" }
wheels = [
    { url = "https://files.pythonhosted.org/packages/31/33/a4024662b31999841bc18ef845a790f6b6a9ad50f5b2aceb029896612d17/django_stubs-4.2.7-py3-none-any.whl", hash = "sha256:4cf4de258fa71adc6f2799e983091b9d46cfc67c6eebc68fe111218c9a62b3b8", size = 456669, upload-time = "2023-12-05T19:02:25.29Z" },
]

[[package]]
name = "django-stubs-ext"
version = "5.2.8"
source = { registry = "https://pypi.org/simple" }
dependencies = [
    { name = "django" },
    { name = "typing-extensions" },
]
sdist = { url = "https://files.pythonhosted.org/packages/14/a2/d67f4a5200ff7626b104eddceaf529761cba4ed318a73ffdb0677551be73/django_stubs_ext-5.2.8.tar.gz", hash = "sha256:b39938c46d7a547cd84e4a6378dbe51a3dd64d70300459087229e5fee27e5c6b", size = 6487, upload-time = "2025-12-01T08:12:37.486Z" }
wheels = [
    { url = "https://files.pythonhosted.org/packages/da/2d/cb0151b780c3730cf0f2c0fcb1b065a5e88f877cf7a9217483c375353af1/django_stubs_ext-5.2.8-py3-none-any.whl", hash = "sha256:1dd5470c9675591362c78a157a3cf8aec45d0e7a7f0cf32f227a1363e54e0652", size = 9949, upload-time = "2025-12-01T08:12:36.397Z" },
]

[[package]]
name = "idna"
version = "2.10"
source = { registry = "https://pypi.org/simple" }
sdist = { url = "https://files.pythonhosted.org/packages/ea/b7/e0e3c1c467636186c39925827be42f16fee389dc404ac29e930e9136be70/idna-2.10.tar.gz", hash = "sha256:b307872f855b18632ce0c21c5e45be78c0ea7ae4c15c828c20788b26921eb3f6", size = 175616, upload-time = "2020-06-27T23:45:05.21Z" }
wheels = [
    { url = "https://files.pythonhosted.org/packages/a2/38/928ddce2273eaa564f6f50de919327bf3a00f091b5baba8dfa9460f3a8a8/idna-2.10-py2.py3-none-any.whl", hash = "sha256:b97d804b1e9b523befed77c48dacec60e6dcb0b5391d57af6a65a312a90648c0", size = 58811, upload-time = "2020-06-27T23:45:03.457Z" },
]

[[package]]
name = "lxml"
version = "4.6.5"
source = { registry = "https://pypi.org/simple" }
sdist = { url = "https://files.pythonhosted.org/packages/e6/e1/34b3ab08553fe9a30e15b2bb9d1803a49d7d907dd9f245638839190042f0/lxml-4.6.5.tar.gz", hash = "sha256:6e84edecc3a82f90d44ddee2ee2a2630d4994b8471816e226d2b771cda7ac4ca", size = 3188254, upload-time = "2021-12-12T21:23:51.21Z" }
wheels = [
    { url = "https://files.pythonhosted.org/packages/ad/07/fd01a6c19b960074f8accc619212401220bea84bb2638d936e0a66a567be/lxml-4.6.5-cp310-cp310-macosx_10_14_x86_64.whl", hash = "sha256:f6befb83bca720b71d6bd6326a3b26e9496ae6649e26585de024890fe50f49b8", size = 4538231, upload-time = "2021-12-12T21:18:19.851Z" },
    { url = "https://files.pythonhosted.org/packages/87/29/68191ac1f64f26616951501873405a6442ea430dc1def29c261635476dfa/lxml-4.6.5-cp310-cp310-manylinux_2_12_i686.manylinux2010_i686.manylinux_2_24_i686.whl", hash = "sha256:59d77bfa3bea13caee95bc0d3f1c518b15049b97dd61ea8b3d71ce677a67f808", size = 6974917, upload-time = "2021-12-12T21:18:27.575Z" },
    { url = "https://files.pythonhosted.org/packages/6e/02/c5dee521f41138d328392138421e4f285e37b909e6bf0120c54ea09fa34d/lxml-4.6.5-cp310-cp310-manylinux_2_17_aarch64.manylinux2014_aarch64.manylinux_2_24_aarch64.whl", hash = "sha256:68a851176c931e2b3de6214347b767451243eeed3bea34c172127bbb5bf6c210", size = 6559454, upload-time = "2021-12-12T21:18:35.296Z" },
    { url = "https://files.pythonhosted.org/packages/7d/db/6b0cf170fed0b77377e83fe48a7265766453677cbf89d0c905b21e1848f9/lxml-4.6.5-cp310-cp310-manylinux_2_17_x86_64.manylinux2014_x86_64.manylinux_2_24_x86_64.whl", hash = "sha256:a7790a273225b0c46e5f859c1327f0f659896cc72eaa537d23aa3ad9ff2a1cc1", size = 6893464, upload-time = "2021-12-12T21:18:42.622Z" },
    { url = "https://files.pythonhosted.org/packages/11/f4/e7ff45328127a22d6511edbd0d367e7cda6a1e61f1ec476d4d5012351a8c/lxml-4.6.5-cp310-cp310-musllinux_1_1_x86_64.whl", hash = "sha256:6548fc551de15f310dd0564751d9dc3d405278d45ea9b2b369ed1eccf142e1f5", size = 7638989, upload-time = "2021-12-12T21:18:51.334Z" },
    { url = "https://files.pythonhosted.org/packages/83/56/3cda044cda3fe93b83528de5e3021996da5a4d9a3495f006ccc7d37572c2/lxml-4.6.5-cp310-cp310-win32.whl", hash = "sha256:dc8a0dbb2a10ae8bb609584f5c504789f0f3d0d81840da4849102ec84289f952", size = 3216663, upload-time = "2021-12-12T21:18:56.369Z" },
    { url = "https://files.pythonhosted.org/packages/4a/72/c114498b8488f7b9b23bf8bd499612b6f3c40deca9f9179000292fe80a58/lxml-4.6.5-cp310-cp310-win_amd64.whl", hash = "sha256:1ccbfe5d17835db906f2bab6f15b34194db1a5b07929cba3cf45a96dbfbfefc0", size = 3545794, upload-time = "2021-12-12T21:19:01.725Z" },
]

[[package]]
name = "pillow"
version = "12.1.0"
source = { registry = "https://pypi.org/simple" }
sdist = { url = "https://files.pythonhosted.org/packages/d0/02/d52c733a2452ef1ffcc123b68e6606d07276b0e358db70eabad7e40042b7/pillow-12.1.0.tar.gz", hash = "sha256:5c5ae0a06e9ea030ab786b0251b32c7e4ce10e58d983c0d5c56029455180b5b9", size = 46977283, upload-time = "2026-01-02T09:13:29.892Z" }
wheels = [
    { url = "https://files.pythonhosted.org/packages/fe/41/f73d92b6b883a579e79600d391f2e21cb0df767b2714ecbd2952315dfeef/pillow-12.1.0-cp310-cp310-macosx_10_10_x86_64.whl", hash = "sha256:fb125d860738a09d363a88daa0f59c4533529a90e564785e20fe875b200b6dbd", size = 5304089, upload-time = "2026-01-02T09:10:24.953Z" },
    { url = "https://files.pythonhosted.org/packages/94/55/7aca2891560188656e4a91ed9adba305e914a4496800da6b5c0a15f09edf/pillow-12.1.0-cp310-cp310-macosx_11_0_arm64.whl", hash = "sha256:cad302dc10fac357d3467a74a9561c90609768a6f73a1923b0fd851b6486f8b0", size = 4657815, upload-time = "2026-01-02T09:10:27.063Z" },
    { url = "https://files.pythonhosted.org/packages/e9/d2/b28221abaa7b4c40b7dba948f0f6a708bd7342c4d47ce342f0ea39643974/pillow-12.1.0-cp310-cp310-manylinux2014_aarch64.manylinux_2_17_aarch64.whl", hash = "sha256:a40905599d8079e09f25027423aed94f2823adaf2868940de991e53a449e14a8", size = 6222593, upload-time = "2026-01-02T09:10:29.115Z" },
    { url = "https://files.pythonhosted.org/packages/71/b8/7a61fb234df6a9b0b479f69e66901209d89ff72a435b49933f9122f94cac/pillow-12.1.0-cp310-cp310-manylinux2014_x86_64.manylinux_2_17_x86_64.whl", hash = "sha256:92a7fe4225365c5e3a8e598982269c6d6698d3e783b3b1ae979e7819f9cd55c1", size = 8027579, upload-time = "2026-01-02T09:10:31.182Z" },
    { url = "https://files.pythonhosted.org/packages/ea/51/55c751a57cc524a15a0e3db20e5cde517582359508d62305a627e77fd295/pillow-12.1.0-cp310-cp310-manylinux_2_27_aarch64.manylinux_2_28_aarch64.whl", hash = "sha256:f10c98f49227ed8383d28174ee95155a675c4ed7f85e2e573b04414f7e371bda", size = 6335760, upload-time = "2026-01-02T09:10:33.02Z" },
    { url = "https://files.pythonhosted.org/packages/dc/7c/60e3e6f5e5891a1a06b4c910f742ac862377a6fe842f7184df4a274ce7bf/pillow-12.1.0-cp310-cp310-manylinux_2_27_x86_64.manylinux_2_28_x86_64.whl", hash = "sha256:8637e29d13f478bc4f153d8daa9ffb16455f0a6cb287da1b432fdad2bfbd66c7", size = 7027127, upload-time = "2026-01-02T09:10:35.009Z" },
    { url = "https://files.pythonhosted.org/packages/06/37/49d47266ba50b00c27ba63a7c898f1bb41a29627ced8c09e25f19ebec0ff/pillow-12.1.0-cp310-cp310-musllinux_1_2_aarch64.whl", hash = "sha256:21e686a21078b0f9cb8c8a961d99e6a4ddb88e0fc5ea6e130172ddddc2e5221a", size = 6449896, upload-time = "2026-01-02T09:10:36.793Z" },
    { url = "https://files.pythonhosted.org/packages/f9/e5/67fd87d2913902462cd9b79c6211c25bfe95fcf5783d06e1367d6d9a741f/pillow-12.1.0-cp310-cp310-musllinux_1_2_x86_64.whl", hash = "sha256:2415373395a831f53933c23ce051021e79c8cd7979822d8cc478547a3f4da8ef", size = 7151345, upload-time = "2026-01-02T09:10:39.064Z" },
    { url = "https://files.pythonhosted.org/packages/bd/15/f8c7abf82af68b29f50d77c227e7a1f87ce02fdc66ded9bf603bc3b41180/pillow-12.1.0-cp310-cp310-win32.whl", hash = "sha256:e75d3dba8fc1ddfec0cd752108f93b83b4f8d6ab40e524a95d35f016b9683b09", size = 6325568, upload-time = "2026-01-02T09:10:41.035Z" },
    { url = "https://files.pythonhosted.org/packages/d4/24/7d1c0e160b6b5ac2605ef7d8be537e28753c0db5363d035948073f5513d7/pillow-12.1.0-cp310-cp310-win_amd64.whl", hash = "sha256:64efdf00c09e31efd754448a383ea241f55a994fd079866b92d2bbff598aad91", size = 7032367, upload-time = "2026-01-02T09:10:43.09Z" },
    { url = "https://files.pythonhosted.org/packages/f4/03/41c038f0d7a06099254c60f618d0ec7be11e79620fc23b8e85e5b31d9a44/pillow-12.1.0-cp310-cp310-win_arm64.whl", hash = "sha256:f188028b5af6b8fb2e9a76ac0f841a575bd1bd396e46ef0840d9b88a48fdbcea", size = 2452345, upload-time = "2026-01-02T09:10:44.795Z" },
]

[[package]]
name = "plan"
version = "2.0.0"
source = { editable = "." }
dependencies = [
    { name = "brotli" },
    { name = "django" },
    { name = "django-compressor" },
    { name = "psycopg2" },
    { name = "reportlab" },
    { name = "typing-extensions" },
    { name = "vobject" },
]

[package.dev-dependencies]
dev = [
    { name = "django-debug-toolbar" },
    { name = "django-stubs" },
]
scraper = [
    { name = "lxml" },
    { name = "requests" },
    { name = "tqdm" },
]

[package.metadata]
requires-dist = [
    { name = "brotli", specifier = ">=1.1.0" },
    { name = "django", specifier = "~=3.2.25" },
    { name = "django-compressor", specifier = "~=2.4.1" },
    { name = "psycopg2", specifier = "~=2.9.11" },
    { name = "reportlab", specifier = "~=3.5.59" },
    { name = "typing-extensions", specifier = ">=4.12.2" },
    { name = "vobject", specifier = "~=0.9.6.1" },
]

[package.metadata.requires-dev]
dev = [
    { name = "django-debug-toolbar", specifier = "~=3.5.0" },
    { name = "django-stubs", specifier = "~=4.2.7" },
]
scraper = [
    { name = "lxml", specifier = "~=4.6.3" },
    { name = "requests", specifier = "~=2.25.1" },
    { name = "tqdm" },
]

[[package]]
name = "psycopg2"
version = "2.9.11"
source = { registry = "https://pypi.org/simple" }
sdist = { url = "https://files.pythonhosted.org/packages/89/8d/9d12bc8677c24dad342ec777529bce705b3e785fa05d85122b5502b9ab55/psycopg2-2.9.11.tar.gz", hash = "sha256:964d31caf728e217c697ff77ea69c2ba0865fa41ec20bb00f0977e62fdcc52e3", size = 379598, upload-time = "2025-10-10T11:14:46.075Z" }
wheels = [
    { url = "https://files.pythonhosted.org/packages/e3/ba/b7672ed9d0be238265972ef52a7a8c9e9e815ca2a7dc19a1b2e4b5b637f0/psycopg2-2.9.11-cp310-cp310-win_amd64.whl", hash = "sha256:103e857f46bb76908768ead4e2d0ba1d1a130e7b8ed77d3ae91e8b33481813e8", size = 2713725, upload-time = "2025-10-10T11:10:09.391Z" },
]

[[package]]
name = "python-dateutil"
version = "2.9.0.post0"
source = { registry = "https://pypi.org/simple" }
dependencies = [
    { name = "six" },
]
sdist = { url = "https://files.pythonhosted.org/packages/66/c0/0c8b6ad9f17a802ee498c46e004a0eb49bc148f2fd230864601a86dcf6db/python-dateutil-2.9.0.post0.tar.gz", hash = "sha256:37dd54208da7e1cd875388217d5e00ebd4179249f90fb72437e91a35459a0ad3", size = 342432, upload-time = "2024-03-01T18:36:20.211Z" }
wheels = [
    { url = "https://files.pythonhosted.org/packages/ec/57/56b9bcc3c9c6a792fcbaf139543cee77261f3651ca9da0c93f5c1221264b/python_dateutil-2.9.0.post0-py2.py3-none-any.whl", hash = "sha256:a8b2bc7bffae282281c8140a97d3aa9c14da0b136dfe83f850eea9a5f7470427", size = 229892, upload-time = "2024-03-01T18:36:18.57Z" },
]

[[package]]
name = "pytz"
version = "2025.2"
source = { registry = "https://pypi.org/simple" }
sdist = { url = "https://files.pythonhosted.org/packages/f8/bf/abbd3cdfb8fbc7fb3d4d38d320f2441b1e7cbe29be4f23797b4a2b5d8aac/pytz-2025.2.tar.gz", hash = "sha256:360b9e3dbb49a209c21ad61809c7fb453643e048b38924c765813546746e81c3", size = 320884, upload-time = "2025-03-25T02:25:00.538Z" }
wheels = [
    { url = "https://files.pythonhosted.org/packages/81/c4/34e93fe5f5429d7570ec1fa436f1986fb1f00c3e0f43a589fe2bbcd22c3f/pytz-2025.2-py2.py3-none-any.whl", hash = "sha256:5ddf76296dd8c44c26eb8f4b6f35488f3ccbf6fbbd7adee0b7262d43f0ec2f00", size = 509225, upload-time = "2025-03-25T02:24:58.468Z" },
]

[[package]]
name = "rcssmin"
version = "1.0.6"
source = { registry = "https://pypi.org/simple" }
sdist = { url = "https://files.pythonhosted.org/packages/e2/5f/852be8aa80d1c24de9b030cdb6532bc7e7a1c8461554f6edbe14335ba890/rcssmin-1.0.6.tar.gz", hash = "sha256:ca87b695d3d7864157773a61263e5abb96006e9ff0e021eff90cbe0e1ba18270", size = 582894, upload-time = "2015-10-11T15:57:29.576Z" }

[[package]]
name = "reportlab"
version = "3.5.68"
source = { registry = "https://pypi.org/simple" }
dependencies = [
    { name = "pillow" },
]
sdist = { url = "https://files.pythonhosted.org/packages/f8/3b/3684a3414cde1626be5245af21ace0629ceb1e38ff745a84e07349505827/reportlab-3.5.68.tar.gz", hash = "sha256:efef6a97e3ab49f3f40037dbf9a4166668a17cc6aaba13d5ecbabdf854a9b332", size = 4512985, upload-time = "2021-06-27T08:16:30.935Z" }

[[package]]
name = "requests"
version = "2.25.1"
source = { registry = "https://pypi.org/simple" }
dependencies = [
    { name = "certifi" },
    { name = "chardet" },
    { name = "idna" },
    { name = "urllib3" },
]
sdist = { url = "https://files.pythonhosted.org/packages/6b/47/c14abc08432ab22dc18b9892252efaf005ab44066de871e72a38d6af464b/requests-2.25.1.tar.gz", hash = "sha256:27973dd4a904a4f13b263a19c866c13b92a39ed1c964655f025f3f8d3d75b804", size = 102161, upload-time = "2020-12-16T19:38:36.779Z" }
wheels = [
    { url = "https://files.pythonhosted.org/packages/29/c1/24814557f1d22c56d50280771a17307e6bf87b70727d975fd6b2ce6b014a/requests-2.25.1-py2.py3-none-any.whl", hash = "sha256:c210084e36a42ae6b9219e00e48287def368a26d03a048ddad7bfee44f75871e", size = 61216, upload-time = "2020-12-16T19:38:34.329Z" },
]

[[package]]
name = "rjsmin"
version = "1.1.0"
source = { registry = "https://pypi.org/simple" }
sdist = { url = "https://files.pythonhosted.org/packages/a2/ba/0fa30f7ec949714b8397e80ee2057d1a7e77b3a9f1b94c1ece93586cf34f/rjsmin-1.1.0.tar.gz", hash = "sha256:b15dc75c71f65d9493a8c7fa233fdcec823e3f1b88ad84a843ffef49b338ac32", size = 412426, upload-time = "2019-03-06T17:20:54.635Z" }

[[package]]
name = "six"
version = "1.17.0"
source = { registry = "https://pypi.org/simple" }
sdist = { url = "https://files.pythonhosted.org/packages/94/e7/b2c673351809dca68a0e064b6af791aa332cf192da575fd474ed7d6f16a2/six-1.17.0.tar.gz", hash = "sha256:ff70335d468e7eb6ec65b95b99d3a2836546063f63acc5171de367e834932a81", size = 34031, upload-time = "2024-12-04T17:35:28.174Z" }
wheels = [
    { url = "https://files.pythonhosted.org/packages/b7/ce/149a00dd41f10bc29e5921b496af8b574d8413afcd5e30dfa0ed46c2cc5e/six-1.17.0-py2.py3-none-any.whl", hash = "sha256:4721f391ed90541fddacab5acf947aa0d3dc7d27b2e1e8eda2be8970586c3274", size = 11050, upload-time = "2024-12-04T17:35:26.475Z" },
]

[[package]]
name = "sqlparse"
version = "0.5.5"
source = { registry = "https://pypi.org/simple" }
sdist = { url = "https://files.pythonhosted.org/packages/90/76/437d71068094df0726366574cf3432a4ed754217b436eb7429415cf2d480/sqlparse-0.5.5.tar.gz", hash = "sha256:e20d4a9b0b8585fdf63b10d30066c7c94c5d7a7ec47c889a2d83a3caa93ff28e", size = 120815, upload-time = "2025-12-19T07:17:45.073Z" }
wheels = [
    { url = "https://files.pythonhosted.org/packages/49/4b/359f28a903c13438ef59ebeee215fb25da53066db67b305c125f1c6d2a25/sqlparse-0.5.5-py3-none-any.whl", hash = "sha256:12a08b3bf3eec877c519589833aed092e2444e68240a3577e8e26148acc7b1ba", size = 46138, upload-time = "2025-12-19T07:17:46.573Z" },
]

[[package]]
name = "tomli"
version = "2.3.0"
source = { registry = "https://pypi.org/simple" }
sdist = { url = "https://files.pythonhosted.org/packages/52/ed/3f73f72945444548f33eba9a87fc7a6e969915e7b1acc8260b30e1f76a2f/tomli-2.3.0.tar.gz", hash = "sha256:64be704a875d2a59753d80ee8a533c3fe183e3f06807ff7dc2232938ccb01549", size = 17392, upload-time = "2025-10-08T22:01:47.119Z" }
wheels = [
    { url = "https://files.pythonhosted.org/packages/77/b8/0135fadc89e73be292b473cb820b4f5a08197779206b33191e801feeae40/tomli-2.3.0-py3-none-any.whl", hash = "sha256:e95b1af3c5b07d9e643909b5abbec77cd9f1217e6d0bca72b0234736b9fb1f1b", size = 14408, upload-time = "2025-10-08T22:01:46.04Z" },
]

[[package]]
name = "tqdm"
version = "4.67.1"
source = { registry = "https://pypi.org/simple" }
dependencies = [
    { name = "colorama", marker = "sys_platform == 'win32'" },
]
sdist = { url = "https://files.pythonhosted.org/packages/a8/4b/29b4ef32e036bb34e4ab51796dd745cdba7ed47ad142a9f4a1eb8e0c744d/tqdm-4.67.1.tar.gz", hash = "sha256:f8aef9c52c08c13a65f30ea34f4e5aac3fd1a34959879d7e59e63027286627f2", size = 169737, upload-time = "2024-11-24T20:12:22.481Z" }
wheels = [
    { url = "https://files.pythonhosted.org/packages/d0/30/dc54f88dd4a2b5dc8a0279bdd7270e735851848b762aeb1c1184ed1f6b14/tqdm-4.67.1-py3-none-any.whl", hash = "sha256:26445eca388f82e72884e0d580d5464cd801a3ea01e63e5601bdff9ba6a48de2", size = 78540, upload-time = "2024-11-24T20:12:19.698Z" },
]

[[package]]
name = "types-pytz"
version = "2025.2.0.20251108"
source = { registry = "https://pypi.org/simple" }
sdist = { url = "https://files.pythonhosted.org/packages/40/ff/c047ddc68c803b46470a357454ef76f4acd8c1088f5cc4891cdd909bfcf6/types_pytz-2025.2.0.20251108.tar.gz", hash = "sha256:fca87917836ae843f07129567b74c1929f1870610681b4c92cb86a3df5817bdb", size = 10961, upload-time = "2025-11-08T02:55:57.001Z" }
wheels = [
    { url = "https://files.pythonhosted.org/packages/e7/c1/56ef16bf5dcd255155cc736d276efa6ae0a5c26fd685e28f0412a4013c01/types_pytz-2025.2.0.20251108-py3-none-any.whl", hash = "sha256:0f1c9792cab4eb0e46c52f8845c8f77cf1e313cb3d68bf826aa867fe4717d91c", size = 10116, upload-time = "2025-11-08T02:55:56.194Z" },
]

[[package]]
name = "types-pyyaml"
version = "6.0.12.20250915"
source = { registry = "https://pypi.org/simple" }
sdist = { url = "https://files.pythonhosted.org/packages/7e/69/3c51b36d04da19b92f9e815be12753125bd8bc247ba0470a982e6979e71c/types_pyyaml-6.0.12.20250915.tar.gz", hash = "sha256:0f8b54a528c303f0e6f7165687dd33fafa81c807fcac23f632b63aa624ced1d3", size = 17522, upload-time = "2025-09-15T03:01:00.728Z" }
wheels = [
    { url = "https://files.pythonhosted.org/packages/bd/e0/1eed384f02555dde685fff1a1ac805c1c7dcb6dd019c916fe659b1c1f9ec/types_pyyaml-6.0.12.20250915-py3-none-any.whl", hash = "sha256:e7d4d9e064e89a3b3cae120b4990cd370874d2bf12fa5f46c97018dd5d3c9ab6", size = 20338, upload-time = "2025-09-15T03:00:59.218Z" },
]

[[package]]
name = "typing-extensions"
version = "4.15.0"
source = { registry = "https://pypi.org/simple" }
sdist = { url = "https://files.pythonhosted.org/packages/72/94/1a15dd82efb362ac84269196e94cf00f187f7ed21c242792a923cdb1c61f/typing_extensions-4.15.0.tar.gz", hash = "sha256:0cea48d173cc12fa28ecabc3b837ea3cf6f38c6d1136f85cbaaf598984861466", size = 109391, upload-time = "2025-08-25T13:49:26.313Z" }
wheels = [
    { url = "https://files.pythonhosted.org/packages/18/67/36e9267722cc04a6b9f15c7f3441c2363321a3ea07da7ae0c0707beb2a9c/typing_extensions-4.15.0-py3-none-any.whl", hash = "sha256:f0fa19c6845758ab08074a0cfa8b7aecb71c999ca73d62883bc25cc018c4e548", size = 44614, upload-time = "2025-08-25T13:49:24.86Z" },
]

[[package]]
name = "urllib3"
version = "1.26.20"
source = { registry = "https://pypi.org/simple" }
sdist = { url = "https://files.pythonhosted.org/packages/e4/e8/6ff5e6bc22095cfc59b6ea711b687e2b7ed4bdb373f7eeec370a97d7392f/urllib3-1.26.20.tar.gz", hash = "sha256:40c2dc0c681e47eb8f90e7e27bf6ff7df2e677421fd46756da1161c39ca70d32", size = 307380, upload-time = "2024-08-29T15:43:11.37Z" }
wheels = [
    { url = "https://files.pythonhosted.org/packages/33/cf/8435d5a7159e2a9c83a95896ed596f68cf798005fe107cc655b5c5c14704/urllib3-1.26.20-py2.py3-none-any.whl", hash = "sha256:0ed14ccfbf1c30a9072c7ca157e4319b70d65f623e91e7b32fadb2853431016e", size = 144225, upload-time = "2024-08-29T15:43:08.921Z" },
]

[[package]]
name = "vobject"
version = "0.9.6.1"
source = { registry = "https://pypi.org/simple" }
dependencies = [
    { name = "python-dateutil" },
]
sdist = { url = "https://files.pythonhosted.org/packages/da/ce/27c48c0e39cc69ffe7f6e3751734f6073539bf18a0cfe564e973a3709a52/vobject-0.9.6.1.tar.gz", hash = "sha256:96512aec74b90abb71f6b53898dd7fe47300cc940104c4f79148f0671f790101", size = 58556, upload-time = "2018-07-18T16:03:43.067Z" }
